
Microsoft Visual Studio Solution File, Format Version 12.00
# Visual Studio Version 16
VisualStudioVersion = 16.0.29519.87
MinimumVisualStudioVersion = 10.0.40219.1
Project("{8BC9CEB8-8B4A-11D0-8D11-00A0C91BC942}") = "HW_13_Virtual_Functions", "HW_Itstep\HW_Itstep.vcxproj", "{3CBD44B2-7E7E-44AA-9685-8AC86F5E718B}"
EndProject
Project("{8BC9CEB8-8B4A-11D0-8D11-00A0C91BC942}") = "HW_15_String", "..\HW_15_String\HW_15_String\HW_15_String.vcxproj", "{5E334F89-562D-4231-8DA9-1955E05C7730}"
EndProject
Project("{FAE04EC0-301F-11D3-BF4B-00C04F79EFBC}") = "HW_CS_1_intro", "HW_CS_1_intro\HW_CS_1_intro.csproj", "{106A95C4-907D-447E-95FD-6560A5D67E2E}"
EndProject
Project("{FAE04EC0-301F-11D3-BF4B-00C04F79EFBC}") = "HW_CS_2_start", "HW_CS_2_start\HW_CS_2_start.csproj", "{8B7DFEE9-3239-4A45-A944-F28B56CA87EA}"
EndProject
Project("{FAE04EC0-301F-11D3-BF4B-00C04F79EFBC}") = "HW_CS_3_Class", "HW_CS_3_Class\HW_CS_3_Class.csproj", "{6B9F2F7B-7CED-4664-A0B9-EEF7273FF66C}"
EndProject
Project("{FAE04EC0-301F-11D3-BF4B-00C04F79EFBC}") = "HW_CS_4_inheritance", "HW_CS_4_inheritance\HW_CS_4_inheritance.csproj", "{DFDD1850-48D5-482C-BE9C-6B7E06749C36}"
EndProject
Project("{FAE04EC0-301F-11D3-BF4B-00C04F79EFBC}") = "HW_CS_5_peregruzka", "HW_CS_5_peregruzka\HW_CS_5_peregruzka.csproj", "{C8426B7A-7FE3-46CE-95D1-60E3F9782982}"
EndProject
Global
	GlobalSection(SolutionConfigurationPlatforms) = preSolution
		Debug|Any CPU = Debug|Any CPU
		Debug|x64 = Debug|x64
		Debug|x86 = Debug|x86
		Release|Any CPU = Release|Any CPU
		Release|x64 = Release|x64
		Release|x86 = Release|x86
	EndGlobalSection
	GlobalSection(ProjectConfigurationPlatforms) = postSolution
		{3CBD44B2-7E7E-44AA-9685-8AC86F5E718B}.Debug|Any CPU.ActiveCfg = Debug|Win32
		{3CBD44B2-7E7E-44AA-9685-8AC86F5E718B}.Debug|x64.ActiveCfg = Debug|x64
		{3CBD44B2-7E7E-44AA-9685-8AC86F5E718B}.Debug|x64.Build.0 = Debug|x64
		{3CBD44B2-7E7E-44AA-9685-8AC86F5E718B}.Debug|x86.ActiveCfg = Debug|Win32
		{3CBD44B2-7E7E-44AA-9685-8AC86F5E718B}.Debug|x86.Build.0 = Debug|Win32
		{3CBD44B2-7E7E-44AA-9685-8AC86F5E718B}.Release|Any CPU.ActiveCfg = Release|Win32
		{3CBD44B2-7E7E-44AA-9685-8AC86F5E718B}.Release|x64.ActiveCfg = Release|x64
		{3CBD44B2-7E7E-44AA-9685-8AC86F5E718B}.Release|x64.Build.0 = Release|x64
		{3CBD44B2-7E7E-44AA-9685-8AC86F5E718B}.Release|x86.ActiveCfg = Release|Win32
		{3CBD44B2-7E7E-44AA-9685-8AC86F5E718B}.Release|x86.Build.0 = Release|Win32
		{5E334F89-562D-4231-8DA9-1955E05C7730}.Debug|Any CPU.ActiveCfg = Debug|Win32
		{5E334F89-562D-4231-8DA9-1955E05C7730}.Debug|x64.ActiveCfg = Debug|x64
		{5E334F89-562D-4231-8DA9-1955E05C7730}.Debug|x64.Build.0 = Debug|x64
		{5E334F89-562D-4231-8DA9-1955E05C7730}.Debug|x86.ActiveCfg = Debug|Win32
		{5E334F89-562D-4231-8DA9-1955E05C7730}.Debug|x86.Build.0 = Debug|Win32
		{5E334F89-562D-4231-8DA9-1955E05C7730}.Release|Any CPU.ActiveCfg = Release|Win32
		{5E334F89-562D-4231-8DA9-1955E05C7730}.Release|x64.ActiveCfg = Release|x64
		{5E334F89-562D-4231-8DA9-1955E05C7730}.Release|x64.Build.0 = Release|x64
		{5E334F89-562D-4231-8DA9-1955E05C7730}.Release|x86.ActiveCfg = Release|Win32
		{5E334F89-562D-4231-8DA9-1955E05C7730}.Release|x86.Build.0 = Release|Win32
		{106A95C4-907D-447E-95FD-6560A5D67E2E}.Debug|Any CPU.ActiveCfg = Debug|Any CPU
		{106A95C4-907D-447E-95FD-6560A5D67E2E}.Debug|Any CPU.Build.0 = Debug|Any CPU
		{106A95C4-907D-447E-95FD-6560A5D67E2E}.Debug|x64.ActiveCfg = Debug|Any CPU
		{106A95C4-907D-447E-95FD-6560A5D67E2E}.Debug|x64.Build.0 = Debug|Any CPU
		{106A95C4-907D-447E-95FD-6560A5D67E2E}.Debug|x86.ActiveCfg = Debug|Any CPU
		{106A95C4-907D-447E-95FD-6560A5D67E2E}.Debug|x86.Build.0 = Debug|Any CPU
		{106A95C4-907D-447E-95FD-6560A5D67E2E}.Release|Any CPU.ActiveCfg = Release|Any CPU
		{106A95C4-907D-447E-95FD-6560A5D67E2E}.Release|Any CPU.Build.0 = Release|Any CPU
		{106A95C4-907D-447E-95FD-6560A5D67E2E}.Release|x64.ActiveCfg = Release|Any CPU
		{106A95C4-907D-447E-95FD-6560A5D67E2E}.Release|x64.Build.0 = Release|Any CPU
		{106A95C4-907D-447E-95FD-6560A5D67E2E}.Release|x86.ActiveCfg = Release|Any CPU
		{106A95C4-907D-447E-95FD-6560A5D67E2E}.Release|x86.Build.0 = Release|Any CPU
		{8B7DFEE9-3239-4A45-A944-F28B56CA87EA}.Debug|Any CPU.ActiveCfg = Debug|Any CPU
		{8B7DFEE9-3239-4A45-A944-F28B56CA87EA}.Debug|Any CPU.Build.0 = Debug|Any CPU
		{8B7DFEE9-3239-4A45-A944-F28B56CA87EA}.Debug|x64.ActiveCfg = Debug|Any CPU
		{8B7DFEE9-3239-4A45-A944-F28B56CA87EA}.Debug|x64.Build.0 = Debug|Any CPU
		{8B7DFEE9-3239-4A45-A944-F28B56CA87EA}.Debug|x86.ActiveCfg = Debug|Any CPU
		{8B7DFEE9-3239-4A45-A944-F28B56CA87EA}.Debug|x86.Build.0 = Debug|Any CPU
		{8B7DFEE9-3239-4A45-A944-F28B56CA87EA}.Release|Any CPU.ActiveCfg = Release|Any CPU
		{8B7DFEE9-3239-4A45-A944-F28B56CA87EA}.Release|Any CPU.Build.0 = Release|Any CPU
		{8B7DFEE9-3239-4A45-A944-F28B56CA87EA}.Release|x64.ActiveCfg = Release|Any CPU
		{8B7DFEE9-3239-4A45-A944-F28B56CA87EA}.Release|x64.Build.0 = Release|Any CPU
		{8B7DFEE9-3239-4A45-A944-F28B56CA87EA}.Release|x86.ActiveCfg = Release|Any CPU
		{8B7DFEE9-3239-4A45-A944-F28B56CA87EA}.Release|x86.Build.0 = Release|Any CPU
		{6B9F2F7B-7CED-4664-A0B9-EEF7273FF66C}.Debug|Any CPU.ActiveCfg = Debug|Any CPU
		{6B9F2F7B-7CED-4664-A0B9-EEF7273FF66C}.Debug|Any CPU.Build.0 = Debug|Any CPU
		{6B9F2F7B-7CED-4664-A0B9-EEF7273FF66C}.Debug|x64.ActiveCfg = Debug|Any CPU
		{6B9F2F7B-7CED-4664-A0B9-EEF7273FF66C}.Debug|x64.Build.0 = Debug|Any CPU
		{6B9F2F7B-7CED-4664-A0B9-EEF7273FF66C}.Debug|x86.ActiveCfg = Debug|Any CPU
		{6B9F2F7B-7CED-4664-A0B9-EEF7273FF66C}.Debug|x86.Build.0 = Debug|Any CPU
		{6B9F2F7B-7CED-4664-A0B9-EEF7273FF66C}.Release|Any CPU.ActiveCfg = Release|Any CPU
		{6B9F2F7B-7CED-4664-A0B9-EEF7273FF66C}.Release|Any CPU.Build.0 = Release|Any CPU
		{6B9F2F7B-7CED-4664-A0B9-EEF7273FF66C}.Release|x64.ActiveCfg = Release|Any CPU
		{6B9F2F7B-7CED-4664-A0B9-EEF7273FF66C}.Release|x64.Build.0 = Release|Any CPU
		{6B9F2F7B-7CED-4664-A0B9-EEF7273FF66C}.Release|x86.ActiveCfg = Release|Any CPU
		{6B9F2F7B-7CED-4664-A0B9-EEF7273FF66C}.Release|x86.Build.0 = Release|Any CPU
		{DFDD1850-48D5-482C-BE9C-6B7E06749C36}.Debug|Any CPU.ActiveCfg = Debug|Any CPU
		{DFDD1850-48D5-482C-BE9C-6B7E06749C36}.Debug|Any CPU.Build.0 = Debug|Any CPU
		{DFDD1850-48D5-482C-BE9C-6B7E06749C36}.Debug|x64.ActiveCfg = Debug|Any CPU
		{DFDD1850-48D5-482C-BE9C-6B7E06749C36}.Debug|x64.Build.0 = Debug|Any CPU
		{DFDD1850-48D5-482C-BE9C-6B7E06749C36}.Debug|x86.ActiveCfg = Debug|Any CPU
		{DFDD1850-48D5-482C-BE9C-6B7E06749C36}.Debug|x86.Build.0 = Debug|Any CPU
		{DFDD1850-48D5-482C-BE9C-6B7E06749C36}.Release|Any CPU.ActiveCfg = Release|Any CPU
		{DFDD1850-48D5-482C-BE9C-6B7E06749C36}.Release|Any CPU.Build.0 = Release|Any CPU
		{DFDD1850-48D5-482C-BE9C-6B7E06749C36}.Release|x64.ActiveCfg = Release|Any CPU
		{DFDD1850-48D5-482C-BE9C-6B7E06749C36}.Release|x64.Build.0 = Release|Any CPU
		{DFDD1850-48D5-482C-BE9C-6B7E06749C36}.Release|x86.ActiveCfg = Release|Any CPU
		{DFDD1850-48D5-482C-BE9C-6B7E06749C36}.Release|x86.Build.0 = Release|Any CPU
		{C8426B7A-7FE3-46CE-95D1-60E3F9782982}.Debug|Any CPU.ActiveCfg = Debug|Any CPU
		{C8426B7A-7FE3-46CE-95D1-60E3F9782982}.Debug|Any CPU.Build.0 = Debug|Any CPU
		{C8426B7A-7FE3-46CE-95D1-60E3F9782982}.Debug|x64.ActiveCfg = Debug|Any CPU
		{C8426B7A-7FE3-46CE-95D1-60E3F9782982}.Debug|x64.Build.0 = Debug|Any CPU
		{C8426B7A-7FE3-46CE-95D1-60E3F9782982}.Debug|x86.ActiveCfg = Debug|Any CPU
		{C8426B7A-7FE3-46CE-95D1-60E3F9782982}.Debug|x86.Build.0 = Debug|Any CPU
		{C8426B7A-7FE3-46CE-95D1-60E3F9782982}.Release|Any CPU.ActiveCfg = Release|Any CPU
		{C8426B7A-7FE3-46CE-95D1-60E3F9782982}.Release|Any CPU.Build.0 = Release|Any CPU
		{C8426B7A-7FE3-46CE-95D1-60E3F9782982}.Release|x64.ActiveCfg = Release|Any CPU
		{C8426B7A-7FE3-46CE-95D1-60E3F9782982}.Release|x64.Build.0 = Release|Any CPU
		{C8426B7A-7FE3-46CE-95D1-60E3F9782982}.Release|x86.ActiveCfg = Release|Any CPU
		{C8426B7A-7FE3-46CE-95D1-60E3F9782982}.Release|x86.Build.0 = Release|Any CPU
	EndGlobalSection
	GlobalSection(SolutionProperties) = preSolution
		HideSolutionNode = FALSE
	EndGlobalSection
	GlobalSection(ExtensibilityGlobals) = postSolution
		SolutionGuid = {DC689445-B887-4AB1-B3C3-3E5B036E14C3}
	EndGlobalSection
EndGlobal
