
Microsoft Visual Studio Solution File, Format Version 12.00
# Visual Studio Version 16
VisualStudioVersion = 16.0.29519.87
MinimumVisualStudioVersion = 10.0.40219.1
Project("{8BC9CEB8-8B4A-11D0-8D11-00A0C91BC942}") = "HW_13_Virtual_Functions", "HW_Itstep\HW_Itstep.vcxproj", "{3CBD44B2-7E7E-44AA-9685-8AC86F5E718B}"
EndProject
Project("{8BC9CEB8-8B4A-11D0-8D11-00A0C91BC942}") = "HW_15_String", "..\HW_15_String\HW_15_String\HW_15_String.vcxproj", "{5E334F89-562D-4231-8DA9-1955E05C7730}"
EndProject
Global
	GlobalSection(SolutionConfigurationPlatforms) = preSolution
		Debug|x64 = Debug|x64
		Debug|x86 = Debug|x86
		Release|x64 = Release|x64
		Release|x86 = Release|x86
	EndGlobalSection
	GlobalSection(ProjectConfigurationPlatforms) = postSolution
		{3CBD44B2-7E7E-44AA-9685-8AC86F5E718B}.Debug|x64.ActiveCfg = Debug|x64
		{3CBD44B2-7E7E-44AA-9685-8AC86F5E718B}.Debug|x64.Build.0 = Debug|x64
		{3CBD44B2-7E7E-44AA-9685-8AC86F5E718B}.Debug|x86.ActiveCfg = Debug|Win32
		{3CBD44B2-7E7E-44AA-9685-8AC86F5E718B}.Debug|x86.Build.0 = Debug|Win32
		{3CBD44B2-7E7E-44AA-9685-8AC86F5E718B}.Release|x64.ActiveCfg = Release|x64
		{3CBD44B2-7E7E-44AA-9685-8AC86F5E718B}.Release|x64.Build.0 = Release|x64
		{3CBD44B2-7E7E-44AA-9685-8AC86F5E718B}.Release|x86.ActiveCfg = Release|Win32
		{3CBD44B2-7E7E-44AA-9685-8AC86F5E718B}.Release|x86.Build.0 = Release|Win32
		{5E334F89-562D-4231-8DA9-1955E05C7730}.Debug|x64.ActiveCfg = Debug|x64
		{5E334F89-562D-4231-8DA9-1955E05C7730}.Debug|x64.Build.0 = Debug|x64
		{5E334F89-562D-4231-8DA9-1955E05C7730}.Debug|x86.ActiveCfg = Debug|Win32
		{5E334F89-562D-4231-8DA9-1955E05C7730}.Debug|x86.Build.0 = Debug|Win32
		{5E334F89-562D-4231-8DA9-1955E05C7730}.Release|x64.ActiveCfg = Release|x64
		{5E334F89-562D-4231-8DA9-1955E05C7730}.Release|x64.Build.0 = Release|x64
		{5E334F89-562D-4231-8DA9-1955E05C7730}.Release|x86.ActiveCfg = Release|Win32
		{5E334F89-562D-4231-8DA9-1955E05C7730}.Release|x86.Build.0 = Release|Win32
	EndGlobalSection
	GlobalSection(SolutionProperties) = preSolution
		HideSolutionNode = FALSE
	EndGlobalSection
	GlobalSection(ExtensibilityGlobals) = postSolution
		SolutionGuid = {DC689445-B887-4AB1-B3C3-3E5B036E14C3}
	EndGlobalSection
EndGlobal
