
Microsoft Visual Studio Solution File, Format Version 12.00
# Visual Studio 14
VisualStudioVersion = 14.0.23107.0
MinimumVisualStudioVersion = 10.0.40219.1
Project("{8BC9CEB8-8B4A-11D0-8D11-00A0C91BC942}") = "FabricMethod", "FabricMethod\FabricMethod.vcxproj", "{E9C4EE49-C030-40FF-91DA-D7253B162019}"
EndProject
Project("{8BC9CEB8-8B4A-11D0-8D11-00A0C91BC942}") = "Prototype", "Prototype\Prototype.vcxproj", "{6184FE9C-FA76-4DBB-9E67-B6573CB16B2A}"
EndProject
Project("{8BC9CEB8-8B4A-11D0-8D11-00A0C91BC942}") = "Singleton", "Singleton\Singleton.vcxproj", "{514C2207-3497-4CB1-AA40-9E5D5053741D}"
EndProject
Project("{8BC9CEB8-8B4A-11D0-8D11-00A0C91BC942}") = "Builder", "Builder\Builder.vcxproj", "{EE2FAC29-0F3E-4271-893B-0B53023165DB}"
EndProject
Project("{8BC9CEB8-8B4A-11D0-8D11-00A0C91BC942}") = "AbstractFactory", "AbstractFactory\AbstractFactory.vcxproj", "{3E7207DB-9EE1-4EFF-AC10-E205E58C247D}"
EndProject
Project("{8BC9CEB8-8B4A-11D0-8D11-00A0C91BC942}") = "Proxy", "Proxy\Proxy.vcxproj", "{E29D8C6F-9269-4934-B4CD-B634FBCE4068}"
EndProject
Project("{8BC9CEB8-8B4A-11D0-8D11-00A0C91BC942}") = "Facade", "Facade\Facade.vcxproj", "{426A9464-CB87-4C32-992D-755BB5825CF5}"
EndProject
Project("{8BC9CEB8-8B4A-11D0-8D11-00A0C91BC942}") = "Flyweight", "Flyweight\Flyweight.vcxproj", "{00915905-9095-4334-A8E6-3BB8A552C8A2}"
EndProject
Project("{8BC9CEB8-8B4A-11D0-8D11-00A0C91BC942}") = "Decorator", "Decorator\Decorator.vcxproj", "{05E57D35-F9C5-47A2-99D6-9F8E0A3D2E45}"
EndProject
Project("{8BC9CEB8-8B4A-11D0-8D11-00A0C91BC942}") = "Adapter", "Adapter\Adapter.vcxproj", "{3E71FCA7-4B86-46B0-917C-D9EDFD3F7FD7}"
EndProject
Project("{8BC9CEB8-8B4A-11D0-8D11-00A0C91BC942}") = "Bridge", "Bridge\Bridge.vcxproj", "{45F6B7DD-E48C-4B3B-8089-A1FEDA7160D0}"
EndProject
Project("{8BC9CEB8-8B4A-11D0-8D11-00A0C91BC942}") = "Composite", "Composite\Composite.vcxproj", "{88687F9A-2385-4C0B-966A-918DC6A2EFD1}"
EndProject
Project("{8BC9CEB8-8B4A-11D0-8D11-00A0C91BC942}") = "TemplateMethod", "TemplateMethod\TemplateMethod.vcxproj", "{D49D5519-DF99-4D1E-AD6C-DD78473573BA}"
EndProject
Project("{8BC9CEB8-8B4A-11D0-8D11-00A0C91BC942}") = "Strategy", "Strategy\Strategy.vcxproj", "{6D4A303C-29CB-4727-9A4C-E193455117AC}"
EndProject
Project("{8BC9CEB8-8B4A-11D0-8D11-00A0C91BC942}") = "Command", "Command\Command.vcxproj", "{888ACD60-EE96-4BAC-B8BB-A2E163EE6AA0}"
EndProject
Project("{8BC9CEB8-8B4A-11D0-8D11-00A0C91BC942}") = "Observer", "Observer\Observer.vcxproj", "{38CBCCFE-6FD7-48D9-B29E-372D27F54D56}"
EndProject
Project("{8BC9CEB8-8B4A-11D0-8D11-00A0C91BC942}") = "Memento", "Memento\Memento.vcxproj", "{E19F4C20-8AC4-422C-A0D3-C1635CA37178}"
EndProject
Project("{8BC9CEB8-8B4A-11D0-8D11-00A0C91BC942}") = "Mediator", "Mediator\Mediator.vcxproj", "{1DBC05AC-88CA-4E94-B0BB-C06517CE36EB}"
EndProject
Project("{8BC9CEB8-8B4A-11D0-8D11-00A0C91BC942}") = "ChainOfResponsibility", "ChainOfResponsibility\ChainOfResponsibility.vcxproj", "{2E0848D2-8CAD-4B5E-9AB8-3C4B59DE8726}"
EndProject
Project("{8BC9CEB8-8B4A-11D0-8D11-00A0C91BC942}") = "State", "State\State.vcxproj", "{876572BA-95A3-4B53-82C2-105883467CF5}"
EndProject
Project("{8BC9CEB8-8B4A-11D0-8D11-00A0C91BC942}") = "Visitor", "Visitor\Visitor.vcxproj", "{997DB75C-AADB-49FA-B462-49302015B8C9}"
EndProject
Project("{8BC9CEB8-8B4A-11D0-8D11-00A0C91BC942}") = "Iterator", "Iterator\Iterator.vcxproj", "{A3F12BB8-421A-48F3-9F07-527E9A4ADFFB}"
EndProject
Project("{8BC9CEB8-8B4A-11D0-8D11-00A0C91BC942}") = "Interpreter", "Interpreter\Interpreter.vcxproj", "{5A327561-173F-4E85-AEA5-08F961B4183F}"
EndProject
Global
	GlobalSection(SolutionConfigurationPlatforms) = preSolution
		Debug|Any CPU = Debug|Any CPU
		Debug|x64 = Debug|x64
		Debug|x86 = Debug|x86
		Release|Any CPU = Release|Any CPU
		Release|x64 = Release|x64
		Release|x86 = Release|x86
	EndGlobalSection
	GlobalSection(ProjectConfigurationPlatforms) = postSolution
		{E9C4EE49-C030-40FF-91DA-D7253B162019}.Debug|Any CPU.ActiveCfg = Debug|Win32
		{E9C4EE49-C030-40FF-91DA-D7253B162019}.Debug|x64.ActiveCfg = Debug|x64
		{E9C4EE49-C030-40FF-91DA-D7253B162019}.Debug|x64.Build.0 = Debug|x64
		{E9C4EE49-C030-40FF-91DA-D7253B162019}.Debug|x86.ActiveCfg = Debug|Win32
		{E9C4EE49-C030-40FF-91DA-D7253B162019}.Debug|x86.Build.0 = Debug|Win32
		{E9C4EE49-C030-40FF-91DA-D7253B162019}.Release|Any CPU.ActiveCfg = Release|Win32
		{E9C4EE49-C030-40FF-91DA-D7253B162019}.Release|x64.ActiveCfg = Release|x64
		{E9C4EE49-C030-40FF-91DA-D7253B162019}.Release|x64.Build.0 = Release|x64
		{E9C4EE49-C030-40FF-91DA-D7253B162019}.Release|x86.ActiveCfg = Release|Win32
		{E9C4EE49-C030-40FF-91DA-D7253B162019}.Release|x86.Build.0 = Release|Win32
		{6184FE9C-FA76-4DBB-9E67-B6573CB16B2A}.Debug|Any CPU.ActiveCfg = Debug|Win32
		{6184FE9C-FA76-4DBB-9E67-B6573CB16B2A}.Debug|x64.ActiveCfg = Debug|x64
		{6184FE9C-FA76-4DBB-9E67-B6573CB16B2A}.Debug|x64.Build.0 = Debug|x64
		{6184FE9C-FA76-4DBB-9E67-B6573CB16B2A}.Debug|x86.ActiveCfg = Debug|Win32
		{6184FE9C-FA76-4DBB-9E67-B6573CB16B2A}.Debug|x86.Build.0 = Debug|Win32
		{6184FE9C-FA76-4DBB-9E67-B6573CB16B2A}.Release|Any CPU.ActiveCfg = Release|Win32
		{6184FE9C-FA76-4DBB-9E67-B6573CB16B2A}.Release|x64.ActiveCfg = Release|x64
		{6184FE9C-FA76-4DBB-9E67-B6573CB16B2A}.Release|x64.Build.0 = Release|x64
		{6184FE9C-FA76-4DBB-9E67-B6573CB16B2A}.Release|x86.ActiveCfg = Release|Win32
		{6184FE9C-FA76-4DBB-9E67-B6573CB16B2A}.Release|x86.Build.0 = Release|Win32
		{514C2207-3497-4CB1-AA40-9E5D5053741D}.Debug|Any CPU.ActiveCfg = Debug|Win32
		{514C2207-3497-4CB1-AA40-9E5D5053741D}.Debug|x64.ActiveCfg = Debug|x64
		{514C2207-3497-4CB1-AA40-9E5D5053741D}.Debug|x64.Build.0 = Debug|x64
		{514C2207-3497-4CB1-AA40-9E5D5053741D}.Debug|x86.ActiveCfg = Debug|Win32
		{514C2207-3497-4CB1-AA40-9E5D5053741D}.Debug|x86.Build.0 = Debug|Win32
		{514C2207-3497-4CB1-AA40-9E5D5053741D}.Release|Any CPU.ActiveCfg = Release|Win32
		{514C2207-3497-4CB1-AA40-9E5D5053741D}.Release|x64.ActiveCfg = Release|x64
		{514C2207-3497-4CB1-AA40-9E5D5053741D}.Release|x64.Build.0 = Release|x64
		{514C2207-3497-4CB1-AA40-9E5D5053741D}.Release|x86.ActiveCfg = Release|Win32
		{514C2207-3497-4CB1-AA40-9E5D5053741D}.Release|x86.Build.0 = Release|Win32
		{EE2FAC29-0F3E-4271-893B-0B53023165DB}.Debug|Any CPU.ActiveCfg = Debug|Win32
		{EE2FAC29-0F3E-4271-893B-0B53023165DB}.Debug|x64.ActiveCfg = Debug|x64
		{EE2FAC29-0F3E-4271-893B-0B53023165DB}.Debug|x64.Build.0 = Debug|x64
		{EE2FAC29-0F3E-4271-893B-0B53023165DB}.Debug|x86.ActiveCfg = Debug|Win32
		{EE2FAC29-0F3E-4271-893B-0B53023165DB}.Debug|x86.Build.0 = Debug|Win32
		{EE2FAC29-0F3E-4271-893B-0B53023165DB}.Release|Any CPU.ActiveCfg = Release|Win32
		{EE2FAC29-0F3E-4271-893B-0B53023165DB}.Release|x64.ActiveCfg = Release|x64
		{EE2FAC29-0F3E-4271-893B-0B53023165DB}.Release|x64.Build.0 = Release|x64
		{EE2FAC29-0F3E-4271-893B-0B53023165DB}.Release|x86.ActiveCfg = Release|Win32
		{EE2FAC29-0F3E-4271-893B-0B53023165DB}.Release|x86.Build.0 = Release|Win32
		{3E7207DB-9EE1-4EFF-AC10-E205E58C247D}.Debug|Any CPU.ActiveCfg = Debug|Win32
		{3E7207DB-9EE1-4EFF-AC10-E205E58C247D}.Debug|x64.ActiveCfg = Debug|x64
		{3E7207DB-9EE1-4EFF-AC10-E205E58C247D}.Debug|x64.Build.0 = Debug|x64
		{3E7207DB-9EE1-4EFF-AC10-E205E58C247D}.Debug|x86.ActiveCfg = Debug|Win32
		{3E7207DB-9EE1-4EFF-AC10-E205E58C247D}.Debug|x86.Build.0 = Debug|Win32
		{3E7207DB-9EE1-4EFF-AC10-E205E58C247D}.Release|Any CPU.ActiveCfg = Release|Win32
		{3E7207DB-9EE1-4EFF-AC10-E205E58C247D}.Release|x64.ActiveCfg = Release|x64
		{3E7207DB-9EE1-4EFF-AC10-E205E58C247D}.Release|x64.Build.0 = Release|x64
		{3E7207DB-9EE1-4EFF-AC10-E205E58C247D}.Release|x86.ActiveCfg = Release|Win32
		{3E7207DB-9EE1-4EFF-AC10-E205E58C247D}.Release|x86.Build.0 = Release|Win32
		{E29D8C6F-9269-4934-B4CD-B634FBCE4068}.Debug|Any CPU.ActiveCfg = Debug|Win32
		{E29D8C6F-9269-4934-B4CD-B634FBCE4068}.Debug|x64.ActiveCfg = Debug|x64
		{E29D8C6F-9269-4934-B4CD-B634FBCE4068}.Debug|x64.Build.0 = Debug|x64
		{E29D8C6F-9269-4934-B4CD-B634FBCE4068}.Debug|x86.ActiveCfg = Debug|Win32
		{E29D8C6F-9269-4934-B4CD-B634FBCE4068}.Debug|x86.Build.0 = Debug|Win32
		{E29D8C6F-9269-4934-B4CD-B634FBCE4068}.Release|Any CPU.ActiveCfg = Release|Win32
		{E29D8C6F-9269-4934-B4CD-B634FBCE4068}.Release|x64.ActiveCfg = Release|x64
		{E29D8C6F-9269-4934-B4CD-B634FBCE4068}.Release|x64.Build.0 = Release|x64
		{E29D8C6F-9269-4934-B4CD-B634FBCE4068}.Release|x86.ActiveCfg = Release|Win32
		{E29D8C6F-9269-4934-B4CD-B634FBCE4068}.Release|x86.Build.0 = Release|Win32
		{426A9464-CB87-4C32-992D-755BB5825CF5}.Debug|Any CPU.ActiveCfg = Debug|Win32
		{426A9464-CB87-4C32-992D-755BB5825CF5}.Debug|x64.ActiveCfg = Debug|x64
		{426A9464-CB87-4C32-992D-755BB5825CF5}.Debug|x64.Build.0 = Debug|x64
		{426A9464-CB87-4C32-992D-755BB5825CF5}.Debug|x86.ActiveCfg = Debug|Win32
		{426A9464-CB87-4C32-992D-755BB5825CF5}.Debug|x86.Build.0 = Debug|Win32
		{426A9464-CB87-4C32-992D-755BB5825CF5}.Release|Any CPU.ActiveCfg = Release|Win32
		{426A9464-CB87-4C32-992D-755BB5825CF5}.Release|x64.ActiveCfg = Release|x64
		{426A9464-CB87-4C32-992D-755BB5825CF5}.Release|x64.Build.0 = Release|x64
		{426A9464-CB87-4C32-992D-755BB5825CF5}.Release|x86.ActiveCfg = Release|Win32
		{426A9464-CB87-4C32-992D-755BB5825CF5}.Release|x86.Build.0 = Release|Win32
		{00915905-9095-4334-A8E6-3BB8A552C8A2}.Debug|Any CPU.ActiveCfg = Debug|Win32
		{00915905-9095-4334-A8E6-3BB8A552C8A2}.Debug|x64.ActiveCfg = Debug|x64
		{00915905-9095-4334-A8E6-3BB8A552C8A2}.Debug|x64.Build.0 = Debug|x64
		{00915905-9095-4334-A8E6-3BB8A552C8A2}.Debug|x86.ActiveCfg = Debug|Win32
		{00915905-9095-4334-A8E6-3BB8A552C8A2}.Debug|x86.Build.0 = Debug|Win32
		{00915905-9095-4334-A8E6-3BB8A552C8A2}.Release|Any CPU.ActiveCfg = Release|Win32
		{00915905-9095-4334-A8E6-3BB8A552C8A2}.Release|x64.ActiveCfg = Release|x64
		{00915905-9095-4334-A8E6-3BB8A552C8A2}.Release|x64.Build.0 = Release|x64
		{00915905-9095-4334-A8E6-3BB8A552C8A2}.Release|x86.ActiveCfg = Release|Win32
		{00915905-9095-4334-A8E6-3BB8A552C8A2}.Release|x86.Build.0 = Release|Win32
		{05E57D35-F9C5-47A2-99D6-9F8E0A3D2E45}.Debug|Any CPU.ActiveCfg = Debug|Win32
		{05E57D35-F9C5-47A2-99D6-9F8E0A3D2E45}.Debug|x64.ActiveCfg = Debug|x64
		{05E57D35-F9C5-47A2-99D6-9F8E0A3D2E45}.Debug|x64.Build.0 = Debug|x64
		{05E57D35-F9C5-47A2-99D6-9F8E0A3D2E45}.Debug|x86.ActiveCfg = Debug|Win32
		{05E57D35-F9C5-47A2-99D6-9F8E0A3D2E45}.Debug|x86.Build.0 = Debug|Win32
		{05E57D35-F9C5-47A2-99D6-9F8E0A3D2E45}.Release|Any CPU.ActiveCfg = Release|Win32
		{05E57D35-F9C5-47A2-99D6-9F8E0A3D2E45}.Release|x64.ActiveCfg = Release|x64
		{05E57D35-F9C5-47A2-99D6-9F8E0A3D2E45}.Release|x64.Build.0 = Release|x64
		{05E57D35-F9C5-47A2-99D6-9F8E0A3D2E45}.Release|x86.ActiveCfg = Release|Win32
		{05E57D35-F9C5-47A2-99D6-9F8E0A3D2E45}.Release|x86.Build.0 = Release|Win32
		{3E71FCA7-4B86-46B0-917C-D9EDFD3F7FD7}.Debug|Any CPU.ActiveCfg = Debug|Win32
		{3E71FCA7-4B86-46B0-917C-D9EDFD3F7FD7}.Debug|x64.ActiveCfg = Debug|x64
		{3E71FCA7-4B86-46B0-917C-D9EDFD3F7FD7}.Debug|x64.Build.0 = Debug|x64
		{3E71FCA7-4B86-46B0-917C-D9EDFD3F7FD7}.Debug|x86.ActiveCfg = Debug|Win32
		{3E71FCA7-4B86-46B0-917C-D9EDFD3F7FD7}.Debug|x86.Build.0 = Debug|Win32
		{3E71FCA7-4B86-46B0-917C-D9EDFD3F7FD7}.Release|Any CPU.ActiveCfg = Release|Win32
		{3E71FCA7-4B86-46B0-917C-D9EDFD3F7FD7}.Release|x64.ActiveCfg = Release|x64
		{3E71FCA7-4B86-46B0-917C-D9EDFD3F7FD7}.Release|x64.Build.0 = Release|x64
		{3E71FCA7-4B86-46B0-917C-D9EDFD3F7FD7}.Release|x86.ActiveCfg = Release|Win32
		{3E71FCA7-4B86-46B0-917C-D9EDFD3F7FD7}.Release|x86.Build.0 = Release|Win32
		{45F6B7DD-E48C-4B3B-8089-A1FEDA7160D0}.Debug|Any CPU.ActiveCfg = Debug|Win32
		{45F6B7DD-E48C-4B3B-8089-A1FEDA7160D0}.Debug|x64.ActiveCfg = Debug|x64
		{45F6B7DD-E48C-4B3B-8089-A1FEDA7160D0}.Debug|x64.Build.0 = Debug|x64
		{45F6B7DD-E48C-4B3B-8089-A1FEDA7160D0}.Debug|x86.ActiveCfg = Debug|Win32
		{45F6B7DD-E48C-4B3B-8089-A1FEDA7160D0}.Debug|x86.Build.0 = Debug|Win32
		{45F6B7DD-E48C-4B3B-8089-A1FEDA7160D0}.Release|Any CPU.ActiveCfg = Release|Win32
		{45F6B7DD-E48C-4B3B-8089-A1FEDA7160D0}.Release|x64.ActiveCfg = Release|x64
		{45F6B7DD-E48C-4B3B-8089-A1FEDA7160D0}.Release|x64.Build.0 = Release|x64
		{45F6B7DD-E48C-4B3B-8089-A1FEDA7160D0}.Release|x86.ActiveCfg = Release|Win32
		{45F6B7DD-E48C-4B3B-8089-A1FEDA7160D0}.Release|x86.Build.0 = Release|Win32
		{88687F9A-2385-4C0B-966A-918DC6A2EFD1}.Debug|Any CPU.ActiveCfg = Debug|Win32
		{88687F9A-2385-4C0B-966A-918DC6A2EFD1}.Debug|x64.ActiveCfg = Debug|x64
		{88687F9A-2385-4C0B-966A-918DC6A2EFD1}.Debug|x64.Build.0 = Debug|x64
		{88687F9A-2385-4C0B-966A-918DC6A2EFD1}.Debug|x86.ActiveCfg = Debug|Win32
		{88687F9A-2385-4C0B-966A-918DC6A2EFD1}.Debug|x86.Build.0 = Debug|Win32
		{88687F9A-2385-4C0B-966A-918DC6A2EFD1}.Release|Any CPU.ActiveCfg = Release|Win32
		{88687F9A-2385-4C0B-966A-918DC6A2EFD1}.Release|x64.ActiveCfg = Release|x64
		{88687F9A-2385-4C0B-966A-918DC6A2EFD1}.Release|x64.Build.0 = Release|x64
		{88687F9A-2385-4C0B-966A-918DC6A2EFD1}.Release|x86.ActiveCfg = Release|Win32
		{88687F9A-2385-4C0B-966A-918DC6A2EFD1}.Release|x86.Build.0 = Release|Win32
		{D49D5519-DF99-4D1E-AD6C-DD78473573BA}.Debug|Any CPU.ActiveCfg = Debug|Win32
		{D49D5519-DF99-4D1E-AD6C-DD78473573BA}.Debug|x64.ActiveCfg = Debug|x64
		{D49D5519-DF99-4D1E-AD6C-DD78473573BA}.Debug|x64.Build.0 = Debug|x64
		{D49D5519-DF99-4D1E-AD6C-DD78473573BA}.Debug|x86.ActiveCfg = Debug|Win32
		{D49D5519-DF99-4D1E-AD6C-DD78473573BA}.Debug|x86.Build.0 = Debug|Win32
		{D49D5519-DF99-4D1E-AD6C-DD78473573BA}.Release|Any CPU.ActiveCfg = Release|Win32
		{D49D5519-DF99-4D1E-AD6C-DD78473573BA}.Release|x64.ActiveCfg = Release|x64
		{D49D5519-DF99-4D1E-AD6C-DD78473573BA}.Release|x64.Build.0 = Release|x64
		{D49D5519-DF99-4D1E-AD6C-DD78473573BA}.Release|x86.ActiveCfg = Release|Win32
		{D49D5519-DF99-4D1E-AD6C-DD78473573BA}.Release|x86.Build.0 = Release|Win32
		{6D4A303C-29CB-4727-9A4C-E193455117AC}.Debug|Any CPU.ActiveCfg = Debug|Win32
		{6D4A303C-29CB-4727-9A4C-E193455117AC}.Debug|x64.ActiveCfg = Debug|x64
		{6D4A303C-29CB-4727-9A4C-E193455117AC}.Debug|x64.Build.0 = Debug|x64
		{6D4A303C-29CB-4727-9A4C-E193455117AC}.Debug|x86.ActiveCfg = Debug|Win32
		{6D4A303C-29CB-4727-9A4C-E193455117AC}.Debug|x86.Build.0 = Debug|Win32
		{6D4A303C-29CB-4727-9A4C-E193455117AC}.Release|Any CPU.ActiveCfg = Release|Win32
		{6D4A303C-29CB-4727-9A4C-E193455117AC}.Release|x64.ActiveCfg = Release|x64
		{6D4A303C-29CB-4727-9A4C-E193455117AC}.Release|x64.Build.0 = Release|x64
		{6D4A303C-29CB-4727-9A4C-E193455117AC}.Release|x86.ActiveCfg = Release|Win32
		{6D4A303C-29CB-4727-9A4C-E193455117AC}.Release|x86.Build.0 = Release|Win32
		{888ACD60-EE96-4BAC-B8BB-A2E163EE6AA0}.Debug|Any CPU.ActiveCfg = Debug|Win32
		{888ACD60-EE96-4BAC-B8BB-A2E163EE6AA0}.Debug|x64.ActiveCfg = Debug|x64
		{888ACD60-EE96-4BAC-B8BB-A2E163EE6AA0}.Debug|x64.Build.0 = Debug|x64
		{888ACD60-EE96-4BAC-B8BB-A2E163EE6AA0}.Debug|x86.ActiveCfg = Debug|Win32
		{888ACD60-EE96-4BAC-B8BB-A2E163EE6AA0}.Debug|x86.Build.0 = Debug|Win32
		{888ACD60-EE96-4BAC-B8BB-A2E163EE6AA0}.Release|Any CPU.ActiveCfg = Release|Win32
		{888ACD60-EE96-4BAC-B8BB-A2E163EE6AA0}.Release|x64.ActiveCfg = Release|x64
		{888ACD60-EE96-4BAC-B8BB-A2E163EE6AA0}.Release|x64.Build.0 = Release|x64
		{888ACD60-EE96-4BAC-B8BB-A2E163EE6AA0}.Release|x86.ActiveCfg = Release|Win32
		{888ACD60-EE96-4BAC-B8BB-A2E163EE6AA0}.Release|x86.Build.0 = Release|Win32
		{38CBCCFE-6FD7-48D9-B29E-372D27F54D56}.Debug|Any CPU.ActiveCfg = Debug|Win32
		{38CBCCFE-6FD7-48D9-B29E-372D27F54D56}.Debug|x64.ActiveCfg = Debug|x64
		{38CBCCFE-6FD7-48D9-B29E-372D27F54D56}.Debug|x64.Build.0 = Debug|x64
		{38CBCCFE-6FD7-48D9-B29E-372D27F54D56}.Debug|x86.ActiveCfg = Debug|Win32
		{38CBCCFE-6FD7-48D9-B29E-372D27F54D56}.Debug|x86.Build.0 = Debug|Win32
		{38CBCCFE-6FD7-48D9-B29E-372D27F54D56}.Release|Any CPU.ActiveCfg = Release|Win32
		{38CBCCFE-6FD7-48D9-B29E-372D27F54D56}.Release|x64.ActiveCfg = Release|x64
		{38CBCCFE-6FD7-48D9-B29E-372D27F54D56}.Release|x64.Build.0 = Release|x64
		{38CBCCFE-6FD7-48D9-B29E-372D27F54D56}.Release|x86.ActiveCfg = Release|Win32
		{38CBCCFE-6FD7-48D9-B29E-372D27F54D56}.Release|x86.Build.0 = Release|Win32
		{E19F4C20-8AC4-422C-A0D3-C1635CA37178}.Debug|Any CPU.ActiveCfg = Debug|Win32
		{E19F4C20-8AC4-422C-A0D3-C1635CA37178}.Debug|x64.ActiveCfg = Debug|x64
		{E19F4C20-8AC4-422C-A0D3-C1635CA37178}.Debug|x64.Build.0 = Debug|x64
		{E19F4C20-8AC4-422C-A0D3-C1635CA37178}.Debug|x86.ActiveCfg = Debug|Win32
		{E19F4C20-8AC4-422C-A0D3-C1635CA37178}.Debug|x86.Build.0 = Debug|Win32
		{E19F4C20-8AC4-422C-A0D3-C1635CA37178}.Release|Any CPU.ActiveCfg = Release|Win32
		{E19F4C20-8AC4-422C-A0D3-C1635CA37178}.Release|x64.ActiveCfg = Release|x64
		{E19F4C20-8AC4-422C-A0D3-C1635CA37178}.Release|x64.Build.0 = Release|x64
		{E19F4C20-8AC4-422C-A0D3-C1635CA37178}.Release|x86.ActiveCfg = Release|Win32
		{E19F4C20-8AC4-422C-A0D3-C1635CA37178}.Release|x86.Build.0 = Release|Win32
		{1DBC05AC-88CA-4E94-B0BB-C06517CE36EB}.Debug|Any CPU.ActiveCfg = Debug|Win32
		{1DBC05AC-88CA-4E94-B0BB-C06517CE36EB}.Debug|x64.ActiveCfg = Debug|x64
		{1DBC05AC-88CA-4E94-B0BB-C06517CE36EB}.Debug|x64.Build.0 = Debug|x64
		{1DBC05AC-88CA-4E94-B0BB-C06517CE36EB}.Debug|x86.ActiveCfg = Debug|Win32
		{1DBC05AC-88CA-4E94-B0BB-C06517CE36EB}.Debug|x86.Build.0 = Debug|Win32
		{1DBC05AC-88CA-4E94-B0BB-C06517CE36EB}.Release|Any CPU.ActiveCfg = Release|Win32
		{1DBC05AC-88CA-4E94-B0BB-C06517CE36EB}.Release|x64.ActiveCfg = Release|x64
		{1DBC05AC-88CA-4E94-B0BB-C06517CE36EB}.Release|x64.Build.0 = Release|x64
		{1DBC05AC-88CA-4E94-B0BB-C06517CE36EB}.Release|x86.ActiveCfg = Release|Win32
		{1DBC05AC-88CA-4E94-B0BB-C06517CE36EB}.Release|x86.Build.0 = Release|Win32
		{2E0848D2-8CAD-4B5E-9AB8-3C4B59DE8726}.Debug|Any CPU.ActiveCfg = Debug|Win32
		{2E0848D2-8CAD-4B5E-9AB8-3C4B59DE8726}.Debug|x64.ActiveCfg = Debug|x64
		{2E0848D2-8CAD-4B5E-9AB8-3C4B59DE8726}.Debug|x64.Build.0 = Debug|x64
		{2E0848D2-8CAD-4B5E-9AB8-3C4B59DE8726}.Debug|x86.ActiveCfg = Debug|Win32
		{2E0848D2-8CAD-4B5E-9AB8-3C4B59DE8726}.Debug|x86.Build.0 = Debug|Win32
		{2E0848D2-8CAD-4B5E-9AB8-3C4B59DE8726}.Release|Any CPU.ActiveCfg = Release|Win32
		{2E0848D2-8CAD-4B5E-9AB8-3C4B59DE8726}.Release|x64.ActiveCfg = Release|x64
		{2E0848D2-8CAD-4B5E-9AB8-3C4B59DE8726}.Release|x64.Build.0 = Release|x64
		{2E0848D2-8CAD-4B5E-9AB8-3C4B59DE8726}.Release|x86.ActiveCfg = Release|Win32
		{2E0848D2-8CAD-4B5E-9AB8-3C4B59DE8726}.Release|x86.Build.0 = Release|Win32
		{876572BA-95A3-4B53-82C2-105883467CF5}.Debug|Any CPU.ActiveCfg = Debug|Win32
		{876572BA-95A3-4B53-82C2-105883467CF5}.Debug|x64.ActiveCfg = Debug|x64
		{876572BA-95A3-4B53-82C2-105883467CF5}.Debug|x64.Build.0 = Debug|x64
		{876572BA-95A3-4B53-82C2-105883467CF5}.Debug|x86.ActiveCfg = Debug|Win32
		{876572BA-95A3-4B53-82C2-105883467CF5}.Debug|x86.Build.0 = Debug|Win32
		{876572BA-95A3-4B53-82C2-105883467CF5}.Release|Any CPU.ActiveCfg = Release|Win32
		{876572BA-95A3-4B53-82C2-105883467CF5}.Release|x64.ActiveCfg = Release|x64
		{876572BA-95A3-4B53-82C2-105883467CF5}.Release|x64.Build.0 = Release|x64
		{876572BA-95A3-4B53-82C2-105883467CF5}.Release|x86.ActiveCfg = Release|Win32
		{876572BA-95A3-4B53-82C2-105883467CF5}.Release|x86.Build.0 = Release|Win32
		{997DB75C-AADB-49FA-B462-49302015B8C9}.Debug|Any CPU.ActiveCfg = Debug|Win32
		{997DB75C-AADB-49FA-B462-49302015B8C9}.Debug|x64.ActiveCfg = Debug|x64
		{997DB75C-AADB-49FA-B462-49302015B8C9}.Debug|x64.Build.0 = Debug|x64
		{997DB75C-AADB-49FA-B462-49302015B8C9}.Debug|x86.ActiveCfg = Debug|Win32
		{997DB75C-AADB-49FA-B462-49302015B8C9}.Debug|x86.Build.0 = Debug|Win32
		{997DB75C-AADB-49FA-B462-49302015B8C9}.Release|Any CPU.ActiveCfg = Release|Win32
		{997DB75C-AADB-49FA-B462-49302015B8C9}.Release|x64.ActiveCfg = Release|x64
		{997DB75C-AADB-49FA-B462-49302015B8C9}.Release|x64.Build.0 = Release|x64
		{997DB75C-AADB-49FA-B462-49302015B8C9}.Release|x86.ActiveCfg = Release|Win32
		{997DB75C-AADB-49FA-B462-49302015B8C9}.Release|x86.Build.0 = Release|Win32
		{A3F12BB8-421A-48F3-9F07-527E9A4ADFFB}.Debug|Any CPU.ActiveCfg = Debug|Win32
		{A3F12BB8-421A-48F3-9F07-527E9A4ADFFB}.Debug|x64.ActiveCfg = Debug|x64
		{A3F12BB8-421A-48F3-9F07-527E9A4ADFFB}.Debug|x64.Build.0 = Debug|x64
		{A3F12BB8-421A-48F3-9F07-527E9A4ADFFB}.Debug|x86.ActiveCfg = Debug|Win32
		{A3F12BB8-421A-48F3-9F07-527E9A4ADFFB}.Debug|x86.Build.0 = Debug|Win32
		{A3F12BB8-421A-48F3-9F07-527E9A4ADFFB}.Release|Any CPU.ActiveCfg = Release|Win32
		{A3F12BB8-421A-48F3-9F07-527E9A4ADFFB}.Release|x64.ActiveCfg = Release|x64
		{A3F12BB8-421A-48F3-9F07-527E9A4ADFFB}.Release|x64.Build.0 = Release|x64
		{A3F12BB8-421A-48F3-9F07-527E9A4ADFFB}.Release|x86.ActiveCfg = Release|Win32
		{A3F12BB8-421A-48F3-9F07-527E9A4ADFFB}.Release|x86.Build.0 = Release|Win32
		{5A327561-173F-4E85-AEA5-08F961B4183F}.Debug|Any CPU.ActiveCfg = Debug|Win32
		{5A327561-173F-4E85-AEA5-08F961B4183F}.Debug|x64.ActiveCfg = Debug|x64
		{5A327561-173F-4E85-AEA5-08F961B4183F}.Debug|x64.Build.0 = Debug|x64
		{5A327561-173F-4E85-AEA5-08F961B4183F}.Debug|x86.ActiveCfg = Debug|Win32
		{5A327561-173F-4E85-AEA5-08F961B4183F}.Debug|x86.Build.0 = Debug|Win32
		{5A327561-173F-4E85-AEA5-08F961B4183F}.Release|Any CPU.ActiveCfg = Release|Win32
		{5A327561-173F-4E85-AEA5-08F961B4183F}.Release|x64.ActiveCfg = Release|x64
		{5A327561-173F-4E85-AEA5-08F961B4183F}.Release|x64.Build.0 = Release|x64
		{5A327561-173F-4E85-AEA5-08F961B4183F}.Release|x86.ActiveCfg = Release|Win32
		{5A327561-173F-4E85-AEA5-08F961B4183F}.Release|x86.Build.0 = Release|Win32
	EndGlobalSection
	GlobalSection(SolutionProperties) = preSolution
		HideSolutionNode = FALSE
	EndGlobalSection
EndGlobal
