
Microsoft Visual Studio Solution File, Format Version 12.00
# Visual Studio Version 16
VisualStudioVersion = 16.0.30104.148
MinimumVisualStudioVersion = 10.0.40219.1
Project("{FAE04EC0-301F-11D3-BF4B-00C04F79EFBC}") = "WindowsFormsApp_Pattern", "WindowsFormsApp_Pattern\WindowsFormsApp_Pattern.csproj", "{F31F92A0-AFDD-4795-85D9-F91CFA2B2CB4}"
EndProject
Global
	GlobalSection(SolutionConfigurationPlatforms) = preSolution
		Debug|Any CPU = Debug|Any CPU
		Release|Any CPU = Release|Any CPU
	EndGlobalSection
	GlobalSection(ProjectConfigurationPlatforms) = postSolution
		{F31F92A0-AFDD-4795-85D9-F91CFA2B2CB4}.Debug|Any CPU.ActiveCfg = Debug|Any CPU
		{F31F92A0-AFDD-4795-85D9-F91CFA2B2CB4}.Debug|Any CPU.Build.0 = Debug|Any CPU
		{F31F92A0-AFDD-4795-85D9-F91CFA2B2CB4}.Release|Any CPU.ActiveCfg = Release|Any CPU
		{F31F92A0-AFDD-4795-85D9-F91CFA2B2CB4}.Release|Any CPU.Build.0 = Release|Any CPU
	EndGlobalSection
	GlobalSection(SolutionProperties) = preSolution
		HideSolutionNode = FALSE
	EndGlobalSection
	GlobalSection(ExtensibilityGlobals) = postSolution
		SolutionGuid = {5C1F0991-67EC-4A4F-91A9-2BF2996E67EC}
	EndGlobalSection
EndGlobal
