
Microsoft Visual Studio Solution File, Format Version 12.00
# Visual Studio Version 16
VisualStudioVersion = 16.0.30104.148
MinimumVisualStudioVersion = 10.0.40219.1
Project("{FAE04EC0-301F-11D3-BF4B-00C04F79EFBC}") = "HW_CS_1_intro", "HW_CS_1_intro\HW_CS_1_intro.csproj", "{106A95C4-907D-447E-95FD-6560A5D67E2E}"
EndProject
Project("{FAE04EC0-301F-11D3-BF4B-00C04F79EFBC}") = "HW_CS_2_start", "HW_CS_2_start\HW_CS_2_start.csproj", "{8B7DFEE9-3239-4A45-A944-F28B56CA87EA}"
EndProject
Project("{FAE04EC0-301F-11D3-BF4B-00C04F79EFBC}") = "HW_CS_3_Class", "HW_CS_3_Class\HW_CS_3_Class.csproj", "{6B9F2F7B-7CED-4664-A0B9-EEF7273FF66C}"
EndProject
Project("{FAE04EC0-301F-11D3-BF4B-00C04F79EFBC}") = "HW_CS_4_inheritance", "HW_CS_4_inheritance\HW_CS_4_inheritance.csproj", "{DFDD1850-48D5-482C-BE9C-6B7E06749C36}"
EndProject
Project("{FAE04EC0-301F-11D3-BF4B-00C04F79EFBC}") = "HW_CS_5_peregruzka", "HW_CS_5_peregruzka\HW_CS_5_peregruzka.csproj", "{C8426B7A-7FE3-46CE-95D1-60E3F9782982}"
EndProject
Project("{FAE04EC0-301F-11D3-BF4B-00C04F79EFBC}") = "HW_CS_6_interfaces", "HW_CS_6_interfaces\HW_CS_6_interfaces.csproj", "{7D7B7ACF-6BB9-4CB9-93CD-249D19BC4DF1}"
EndProject
Project("{9A19103F-16F7-4668-BE54-9A1E7A4F7556}") = "HW_CS_8_Collections", "HW_CS_8_Collections\HW_CS_8_Collections.csproj", "{92C006FE-A9CC-4874-A30F-59252E37897F}"
EndProject
Project("{FAE04EC0-301F-11D3-BF4B-00C04F79EFBC}") = "HW_CS_9_Delegate_Events_(Tamagochi)", "HW_CS_9_Delegate_Events_(Tamagochi)\HW_CS_9_Delegate_Events_(Tamagochi).csproj", "{8E304276-9B4B-4D50-8919-4B20C30BD964}"
EndProject
Project("{FAE04EC0-301F-11D3-BF4B-00C04F79EFBC}") = "HW_CS_11_Serialization", "HW_CS_11_Serialization\HW_CS_11_Serialization.csproj", "{69CDBD2F-8EE3-4C81-B36C-478263B7A4F8}"
EndProject
Project("{FAE04EC0-301F-11D3-BF4B-00C04F79EFBC}") = "HW_CS_12_inheritance_code(dll library)", "HW_CS_12_inheritance_code(dll library)\HW_CS_12_inheritance_code(dll library).csproj", "{5C06B385-CFF3-49EF-9A24-EBD50DD3DE99}"
EndProject
Project("{FAE04EC0-301F-11D3-BF4B-00C04F79EFBC}") = "Example_CS_WinAPI_Forms", "Example_WinAPI_Forms\Example_CS_WinAPI_Forms.csproj", "{AC093FC0-2924-4DAA-AEC4-3B5C79FF57BF}"
EndProject
Project("{8BC9CEB8-8B4A-11D0-8D11-00A0C91BC942}") = "Template_CPP_WinApi_Form", "Template_CPP_WinApi_Form\Template_CPP_WinApi_Form.vcxproj", "{E86C72ED-B398-47CA-B020-87A738448E79}"
EndProject
Project("{FAE04EC0-301F-11D3-BF4B-00C04F79EFBC}") = "Example_CS_XML", "Example_CS_XML\Example_CS_XML.csproj", "{28A29F9B-AF3B-4755-BBDE-125FE207CF00}"
EndProject
Project("{8BC9CEB8-8B4A-11D0-8D11-00A0C91BC942}") = "CW_CPP_TRON", "CW_CPP_TRON\TRON\TRON.vcxproj", "{BD7CF533-E657-435C-927E-B21FC77BCEF9}"
EndProject
Project("{8BC9CEB8-8B4A-11D0-8D11-00A0C91BC942}") = "CW_CPP_MyPoker", "CW_CPP_MyPoker\Pocker\Pocker.vcxproj", "{208E484A-2B8F-48CE-8E01-0E9D4EA48EED}"
EndProject
Project("{8BC9CEB8-8B4A-11D0-8D11-00A0C91BC942}") = "HW_CPP_13_Virtual_Functions", "HW_CPP_13_VirtualFunction\HW_Itstep.vcxproj", "{3CBD44B2-7E7E-44AA-9685-8AC86F5E718B}"
EndProject
Project("{2150E333-8FDC-42A3-9474-1A3956D46DE8}") = "HW_CPP", "HW_CPP", "{CDAC5982-14AB-431F-B8E3-B92D223B3310}"
EndProject
Project("{2150E333-8FDC-42A3-9474-1A3956D46DE8}") = "HW_CS", "HW_CS", "{2A0FDA23-20AF-44D6-82AB-75D447D2DC24}"
EndProject
Project("{8BC9CEB8-8B4A-11D0-8D11-00A0C91BC942}") = "HW_CPP_12_3_inheritance (okrujnost)", "HW_CPP_12_3_okrujnost\HW_12_3_okrujnost\HW_12_3_okrujnost.vcxproj", "{40DFC940-31CA-4D8F-A831-A43D22058314}"
EndProject
Project("{8BC9CEB8-8B4A-11D0-8D11-00A0C91BC942}") = "HW_CPP_15_String", "HW_CPP_15_String\HW_15_String.vcxproj", "{5E334F89-562D-4231-8DA9-1955E05C7730}"
EndProject
Project("{8BC9CEB8-8B4A-11D0-8D11-00A0C91BC942}") = "HW_CPP_12_4_inheritance (composition)", "HW_CPP_12_4_composition\HW_12_4_composition.vcxproj", "{6AA7931C-D787-4DDE-840A-C36BEE1704F7}"
EndProject
Project("{FAE04EC0-301F-11D3-BF4B-00C04F79EFBC}") = "Example_CS_dll", "Example_CS_CPP_dll\Demo_dll_CS_EXE\Example_CS_dll.csproj", "{B8BADEC9-2CD1-4596-B545-B29947845641}"
EndProject
Project("{FAE04EC0-301F-11D3-BF4B-00C04F79EFBC}") = "MyClassLibrary", "Example_CS_CPP_dll\MyClassLibrary\MyClassLibrary.csproj", "{CD96A581-EEA1-4654-A947-29BBF835B539}"
EndProject
Project("{8BC9CEB8-8B4A-11D0-8D11-00A0C91BC942}") = "MyLibraryCPP", "Example_CS_CPP_dll\MyLibraryCPP\MyLibraryCPP.vcxproj", "{08D94858-AE72-4A57-BDD6-8EA21850AC54}"
EndProject
Project("{8BC9CEB8-8B4A-11D0-8D11-00A0C91BC942}") = "Example_CPP_CLR_ClassLibrary", "Example_CS_CPP_dll\CPP_CLR_ClassLibrary\CPP_CLR_ClassLibrary.vcxproj", "{AD19EEE6-C820-4390-9D82-CBAF1904B40D}"
EndProject
Project("{2150E333-8FDC-42A3-9474-1A3956D46DE8}") = "Example", "Example", "{1BC49776-C408-40B8-9858-B824F273264C}"
EndProject
Project("{2150E333-8FDC-42A3-9474-1A3956D46DE8}") = "Example_CS_CPP_dll", "Example_CS_CPP_dll", "{63948F8E-DD81-4B48-8AC7-C2434828A924}"
EndProject
Project("{2150E333-8FDC-42A3-9474-1A3956D46DE8}") = "Templates", "Templates", "{165D2873-E08F-40BE-B2D5-747E973625AA}"
EndProject
Project("{2150E333-8FDC-42A3-9474-1A3956D46DE8}") = "HW_WinApi_WinForms", "HW_WinApi_WinForms", "{16F2DE70-BBD8-4293-B2E3-B20B85D1273B}"
EndProject
Project("{8BC9CEB8-8B4A-11D0-8D11-00A0C91BC942}") = "HW_CPP_WF_1_intro", "HW_CPP_WF_1_intro\HW_CPP_WF_1_intro.vcxproj", "{38C425DE-10D9-4EC5-A4F8-DE9C16292903}"
EndProject
Project("{8BC9CEB8-8B4A-11D0-8D11-00A0C91BC942}") = "HW_CPP_WF_2_Game_15", "HW_CPP_WinForm_2(Game_15)\DemoGame_15\DemoGame_15.vcxproj", "{D5129A97-4666-444C-A561-0315EED2116D}"
EndProject
Project("{FAE04EC0-301F-11D3-BF4B-00C04F79EFBC}") = "HW_CS_WF_3_Game15", "HW_CS_WF_3_Game15\HW_CS_WF_3_Game15.csproj", "{97203DFE-F284-460B-9DA0-8B8D4E750D8D}"
EndProject
Project("{FAE04EC0-301F-11D3-BF4B-00C04F79EFBC}") = "HW_CS_WF_3_Phonebook", "HW_CS_WF_3_Phonebook\HW_CS_WF_3_Phonebook.csproj", "{6743CBCD-5095-4345-A753-8CE9CE7AE733}"
EndProject
Project("{FAE04EC0-301F-11D3-BF4B-00C04F79EFBC}") = "Example_CS_WF_DP_AbstractFactory_DrawShapes", "Examle_CS_WF_DP_AbstractFactory(DrawShapes)\WindowsFormsApp_Pattern\Example_CS_WF_DP_AbstractFactory_DrawShapes.csproj", "{F31F92A0-AFDD-4795-85D9-F91CFA2B2CB4}"
EndProject
Project("{8BC9CEB8-8B4A-11D0-8D11-00A0C91BC942}") = "Example_CPP_DP_FabricMethod", "DesignPatterns\FabricMethod\FabricMethod.vcxproj", "{E9C4EE49-C030-40FF-91DA-D7253B162019}"
EndProject
Project("{8BC9CEB8-8B4A-11D0-8D11-00A0C91BC942}") = "Prototype", "DesignPatterns\Prototype\Prototype.vcxproj", "{6184FE9C-FA76-4DBB-9E67-B6573CB16B2A}"
EndProject
Project("{8BC9CEB8-8B4A-11D0-8D11-00A0C91BC942}") = "Singleton", "DesignPatterns\Singleton\Singleton.vcxproj", "{514C2207-3497-4CB1-AA40-9E5D5053741D}"
EndProject
Project("{8BC9CEB8-8B4A-11D0-8D11-00A0C91BC942}") = "Builder", "DesignPatterns\Builder\Builder.vcxproj", "{EE2FAC29-0F3E-4271-893B-0B53023165DB}"
EndProject
Project("{8BC9CEB8-8B4A-11D0-8D11-00A0C91BC942}") = "Example_CPP_DP_AbstractFactory", "DesignPatterns\AbstractFactory\AbstractFactory.vcxproj", "{3E7207DB-9EE1-4EFF-AC10-E205E58C247D}"
EndProject
Project("{8BC9CEB8-8B4A-11D0-8D11-00A0C91BC942}") = "Proxy", "DesignPatterns\Proxy\Proxy.vcxproj", "{E29D8C6F-9269-4934-B4CD-B634FBCE4068}"
EndProject
Project("{8BC9CEB8-8B4A-11D0-8D11-00A0C91BC942}") = "Example_CPP_DP_Facade", "DesignPatterns\Facade\Facade.vcxproj", "{426A9464-CB87-4C32-992D-755BB5825CF5}"
EndProject
Project("{8BC9CEB8-8B4A-11D0-8D11-00A0C91BC942}") = "Flyweight", "DesignPatterns\Flyweight\Flyweight.vcxproj", "{00915905-9095-4334-A8E6-3BB8A552C8A2}"
EndProject
Project("{8BC9CEB8-8B4A-11D0-8D11-00A0C91BC942}") = "Example_CPP_DP_Decorator", "DesignPatterns\Decorator\Decorator.vcxproj", "{05E57D35-F9C5-47A2-99D6-9F8E0A3D2E45}"
EndProject
Project("{8BC9CEB8-8B4A-11D0-8D11-00A0C91BC942}") = "Example_CPP_DP_Adapter", "DesignPatterns\Adapter\Adapter.vcxproj", "{3E71FCA7-4B86-46B0-917C-D9EDFD3F7FD7}"
EndProject
Project("{8BC9CEB8-8B4A-11D0-8D11-00A0C91BC942}") = "Example_CPP_DP_Bridge", "DesignPatterns\Bridge\Bridge.vcxproj", "{45F6B7DD-E48C-4B3B-8089-A1FEDA7160D0}"
EndProject
Project("{8BC9CEB8-8B4A-11D0-8D11-00A0C91BC942}") = "Example_CPP_DP_Composite", "DesignPatterns\Composite\Composite.vcxproj", "{88687F9A-2385-4C0B-966A-918DC6A2EFD1}"
EndProject
Project("{8BC9CEB8-8B4A-11D0-8D11-00A0C91BC942}") = "TemplateMethod", "DesignPatterns\TemplateMethod\TemplateMethod.vcxproj", "{D49D5519-DF99-4D1E-AD6C-DD78473573BA}"
EndProject
Project("{8BC9CEB8-8B4A-11D0-8D11-00A0C91BC942}") = "Strategy", "DesignPatterns\Strategy\Strategy.vcxproj", "{6D4A303C-29CB-4727-9A4C-E193455117AC}"
EndProject
Project("{8BC9CEB8-8B4A-11D0-8D11-00A0C91BC942}") = "Command", "DesignPatterns\Command\Command.vcxproj", "{888ACD60-EE96-4BAC-B8BB-A2E163EE6AA0}"
EndProject
Project("{8BC9CEB8-8B4A-11D0-8D11-00A0C91BC942}") = "Observer", "DesignPatterns\Observer\Observer.vcxproj", "{38CBCCFE-6FD7-48D9-B29E-372D27F54D56}"
EndProject
Project("{8BC9CEB8-8B4A-11D0-8D11-00A0C91BC942}") = "Memento", "DesignPatterns\Memento\Memento.vcxproj", "{E19F4C20-8AC4-422C-A0D3-C1635CA37178}"
EndProject
Project("{8BC9CEB8-8B4A-11D0-8D11-00A0C91BC942}") = "Mediator", "DesignPatterns\Mediator\Mediator.vcxproj", "{1DBC05AC-88CA-4E94-B0BB-C06517CE36EB}"
EndProject
Project("{8BC9CEB8-8B4A-11D0-8D11-00A0C91BC942}") = "ChainOfResponsibility", "DesignPatterns\ChainOfResponsibility\ChainOfResponsibility.vcxproj", "{2E0848D2-8CAD-4B5E-9AB8-3C4B59DE8726}"
EndProject
Project("{8BC9CEB8-8B4A-11D0-8D11-00A0C91BC942}") = "State", "DesignPatterns\State\State.vcxproj", "{876572BA-95A3-4B53-82C2-105883467CF5}"
EndProject
Project("{8BC9CEB8-8B4A-11D0-8D11-00A0C91BC942}") = "Visitor", "DesignPatterns\Visitor\Visitor.vcxproj", "{997DB75C-AADB-49FA-B462-49302015B8C9}"
EndProject
Project("{8BC9CEB8-8B4A-11D0-8D11-00A0C91BC942}") = "Iterator", "DesignPatterns\Iterator\Iterator.vcxproj", "{A3F12BB8-421A-48F3-9F07-527E9A4ADFFB}"
EndProject
Project("{8BC9CEB8-8B4A-11D0-8D11-00A0C91BC942}") = "Interpreter", "DesignPatterns\Interpreter\Interpreter.vcxproj", "{5A327561-173F-4E85-AEA5-08F961B4183F}"
EndProject
Project("{2150E333-8FDC-42A3-9474-1A3956D46DE8}") = "Desygn_Pattern", "Desygn_Pattern", "{B3744A19-DE06-4CD6-A31E-AAFFE651D59E}"
EndProject
Global
	GlobalSection(SolutionConfigurationPlatforms) = preSolution
		Debug|Any CPU = Debug|Any CPU
		Debug|x64 = Debug|x64
		Debug|x86 = Debug|x86
		Release|Any CPU = Release|Any CPU
		Release|x64 = Release|x64
		Release|x86 = Release|x86
	EndGlobalSection
	GlobalSection(ProjectConfigurationPlatforms) = postSolution
		{106A95C4-907D-447E-95FD-6560A5D67E2E}.Debug|Any CPU.ActiveCfg = Debug|Any CPU
		{106A95C4-907D-447E-95FD-6560A5D67E2E}.Debug|Any CPU.Build.0 = Debug|Any CPU
		{106A95C4-907D-447E-95FD-6560A5D67E2E}.Debug|x64.ActiveCfg = Debug|Any CPU
		{106A95C4-907D-447E-95FD-6560A5D67E2E}.Debug|x64.Build.0 = Debug|Any CPU
		{106A95C4-907D-447E-95FD-6560A5D67E2E}.Debug|x86.ActiveCfg = Debug|Any CPU
		{106A95C4-907D-447E-95FD-6560A5D67E2E}.Debug|x86.Build.0 = Debug|Any CPU
		{106A95C4-907D-447E-95FD-6560A5D67E2E}.Release|Any CPU.ActiveCfg = Release|Any CPU
		{106A95C4-907D-447E-95FD-6560A5D67E2E}.Release|Any CPU.Build.0 = Release|Any CPU
		{106A95C4-907D-447E-95FD-6560A5D67E2E}.Release|x64.ActiveCfg = Release|Any CPU
		{106A95C4-907D-447E-95FD-6560A5D67E2E}.Release|x64.Build.0 = Release|Any CPU
		{106A95C4-907D-447E-95FD-6560A5D67E2E}.Release|x86.ActiveCfg = Release|Any CPU
		{106A95C4-907D-447E-95FD-6560A5D67E2E}.Release|x86.Build.0 = Release|Any CPU
		{8B7DFEE9-3239-4A45-A944-F28B56CA87EA}.Debug|Any CPU.ActiveCfg = Debug|Any CPU
		{8B7DFEE9-3239-4A45-A944-F28B56CA87EA}.Debug|Any CPU.Build.0 = Debug|Any CPU
		{8B7DFEE9-3239-4A45-A944-F28B56CA87EA}.Debug|x64.ActiveCfg = Debug|Any CPU
		{8B7DFEE9-3239-4A45-A944-F28B56CA87EA}.Debug|x64.Build.0 = Debug|Any CPU
		{8B7DFEE9-3239-4A45-A944-F28B56CA87EA}.Debug|x86.ActiveCfg = Debug|Any CPU
		{8B7DFEE9-3239-4A45-A944-F28B56CA87EA}.Debug|x86.Build.0 = Debug|Any CPU
		{8B7DFEE9-3239-4A45-A944-F28B56CA87EA}.Release|Any CPU.ActiveCfg = Release|Any CPU
		{8B7DFEE9-3239-4A45-A944-F28B56CA87EA}.Release|Any CPU.Build.0 = Release|Any CPU
		{8B7DFEE9-3239-4A45-A944-F28B56CA87EA}.Release|x64.ActiveCfg = Release|Any CPU
		{8B7DFEE9-3239-4A45-A944-F28B56CA87EA}.Release|x64.Build.0 = Release|Any CPU
		{8B7DFEE9-3239-4A45-A944-F28B56CA87EA}.Release|x86.ActiveCfg = Release|Any CPU
		{8B7DFEE9-3239-4A45-A944-F28B56CA87EA}.Release|x86.Build.0 = Release|Any CPU
		{6B9F2F7B-7CED-4664-A0B9-EEF7273FF66C}.Debug|Any CPU.ActiveCfg = Debug|Any CPU
		{6B9F2F7B-7CED-4664-A0B9-EEF7273FF66C}.Debug|Any CPU.Build.0 = Debug|Any CPU
		{6B9F2F7B-7CED-4664-A0B9-EEF7273FF66C}.Debug|x64.ActiveCfg = Debug|Any CPU
		{6B9F2F7B-7CED-4664-A0B9-EEF7273FF66C}.Debug|x64.Build.0 = Debug|Any CPU
		{6B9F2F7B-7CED-4664-A0B9-EEF7273FF66C}.Debug|x86.ActiveCfg = Debug|Any CPU
		{6B9F2F7B-7CED-4664-A0B9-EEF7273FF66C}.Debug|x86.Build.0 = Debug|Any CPU
		{6B9F2F7B-7CED-4664-A0B9-EEF7273FF66C}.Release|Any CPU.ActiveCfg = Release|Any CPU
		{6B9F2F7B-7CED-4664-A0B9-EEF7273FF66C}.Release|Any CPU.Build.0 = Release|Any CPU
		{6B9F2F7B-7CED-4664-A0B9-EEF7273FF66C}.Release|x64.ActiveCfg = Release|Any CPU
		{6B9F2F7B-7CED-4664-A0B9-EEF7273FF66C}.Release|x64.Build.0 = Release|Any CPU
		{6B9F2F7B-7CED-4664-A0B9-EEF7273FF66C}.Release|x86.ActiveCfg = Release|Any CPU
		{6B9F2F7B-7CED-4664-A0B9-EEF7273FF66C}.Release|x86.Build.0 = Release|Any CPU
		{DFDD1850-48D5-482C-BE9C-6B7E06749C36}.Debug|Any CPU.ActiveCfg = Debug|Any CPU
		{DFDD1850-48D5-482C-BE9C-6B7E06749C36}.Debug|Any CPU.Build.0 = Debug|Any CPU
		{DFDD1850-48D5-482C-BE9C-6B7E06749C36}.Debug|x64.ActiveCfg = Debug|Any CPU
		{DFDD1850-48D5-482C-BE9C-6B7E06749C36}.Debug|x64.Build.0 = Debug|Any CPU
		{DFDD1850-48D5-482C-BE9C-6B7E06749C36}.Debug|x86.ActiveCfg = Debug|Any CPU
		{DFDD1850-48D5-482C-BE9C-6B7E06749C36}.Debug|x86.Build.0 = Debug|Any CPU
		{DFDD1850-48D5-482C-BE9C-6B7E06749C36}.Release|Any CPU.ActiveCfg = Release|Any CPU
		{DFDD1850-48D5-482C-BE9C-6B7E06749C36}.Release|Any CPU.Build.0 = Release|Any CPU
		{DFDD1850-48D5-482C-BE9C-6B7E06749C36}.Release|x64.ActiveCfg = Release|Any CPU
		{DFDD1850-48D5-482C-BE9C-6B7E06749C36}.Release|x64.Build.0 = Release|Any CPU
		{DFDD1850-48D5-482C-BE9C-6B7E06749C36}.Release|x86.ActiveCfg = Release|Any CPU
		{DFDD1850-48D5-482C-BE9C-6B7E06749C36}.Release|x86.Build.0 = Release|Any CPU
		{C8426B7A-7FE3-46CE-95D1-60E3F9782982}.Debug|Any CPU.ActiveCfg = Debug|Any CPU
		{C8426B7A-7FE3-46CE-95D1-60E3F9782982}.Debug|Any CPU.Build.0 = Debug|Any CPU
		{C8426B7A-7FE3-46CE-95D1-60E3F9782982}.Debug|x64.ActiveCfg = Debug|Any CPU
		{C8426B7A-7FE3-46CE-95D1-60E3F9782982}.Debug|x64.Build.0 = Debug|Any CPU
		{C8426B7A-7FE3-46CE-95D1-60E3F9782982}.Debug|x86.ActiveCfg = Debug|Any CPU
		{C8426B7A-7FE3-46CE-95D1-60E3F9782982}.Debug|x86.Build.0 = Debug|Any CPU
		{C8426B7A-7FE3-46CE-95D1-60E3F9782982}.Release|Any CPU.ActiveCfg = Release|Any CPU
		{C8426B7A-7FE3-46CE-95D1-60E3F9782982}.Release|Any CPU.Build.0 = Release|Any CPU
		{C8426B7A-7FE3-46CE-95D1-60E3F9782982}.Release|x64.ActiveCfg = Release|Any CPU
		{C8426B7A-7FE3-46CE-95D1-60E3F9782982}.Release|x64.Build.0 = Release|Any CPU
		{C8426B7A-7FE3-46CE-95D1-60E3F9782982}.Release|x86.ActiveCfg = Release|Any CPU
		{C8426B7A-7FE3-46CE-95D1-60E3F9782982}.Release|x86.Build.0 = Release|Any CPU
		{7D7B7ACF-6BB9-4CB9-93CD-249D19BC4DF1}.Debug|Any CPU.ActiveCfg = Debug|Any CPU
		{7D7B7ACF-6BB9-4CB9-93CD-249D19BC4DF1}.Debug|Any CPU.Build.0 = Debug|Any CPU
		{7D7B7ACF-6BB9-4CB9-93CD-249D19BC4DF1}.Debug|x64.ActiveCfg = Debug|Any CPU
		{7D7B7ACF-6BB9-4CB9-93CD-249D19BC4DF1}.Debug|x64.Build.0 = Debug|Any CPU
		{7D7B7ACF-6BB9-4CB9-93CD-249D19BC4DF1}.Debug|x86.ActiveCfg = Debug|Any CPU
		{7D7B7ACF-6BB9-4CB9-93CD-249D19BC4DF1}.Debug|x86.Build.0 = Debug|Any CPU
		{7D7B7ACF-6BB9-4CB9-93CD-249D19BC4DF1}.Release|Any CPU.ActiveCfg = Release|Any CPU
		{7D7B7ACF-6BB9-4CB9-93CD-249D19BC4DF1}.Release|Any CPU.Build.0 = Release|Any CPU
		{7D7B7ACF-6BB9-4CB9-93CD-249D19BC4DF1}.Release|x64.ActiveCfg = Release|Any CPU
		{7D7B7ACF-6BB9-4CB9-93CD-249D19BC4DF1}.Release|x64.Build.0 = Release|Any CPU
		{7D7B7ACF-6BB9-4CB9-93CD-249D19BC4DF1}.Release|x86.ActiveCfg = Release|Any CPU
		{7D7B7ACF-6BB9-4CB9-93CD-249D19BC4DF1}.Release|x86.Build.0 = Release|Any CPU
		{92C006FE-A9CC-4874-A30F-59252E37897F}.Debug|Any CPU.ActiveCfg = Debug|Any CPU
		{92C006FE-A9CC-4874-A30F-59252E37897F}.Debug|Any CPU.Build.0 = Debug|Any CPU
		{92C006FE-A9CC-4874-A30F-59252E37897F}.Debug|x64.ActiveCfg = Debug|Any CPU
		{92C006FE-A9CC-4874-A30F-59252E37897F}.Debug|x64.Build.0 = Debug|Any CPU
		{92C006FE-A9CC-4874-A30F-59252E37897F}.Debug|x86.ActiveCfg = Debug|Any CPU
		{92C006FE-A9CC-4874-A30F-59252E37897F}.Debug|x86.Build.0 = Debug|Any CPU
		{92C006FE-A9CC-4874-A30F-59252E37897F}.Release|Any CPU.ActiveCfg = Release|Any CPU
		{92C006FE-A9CC-4874-A30F-59252E37897F}.Release|Any CPU.Build.0 = Release|Any CPU
		{92C006FE-A9CC-4874-A30F-59252E37897F}.Release|x64.ActiveCfg = Release|Any CPU
		{92C006FE-A9CC-4874-A30F-59252E37897F}.Release|x64.Build.0 = Release|Any CPU
		{92C006FE-A9CC-4874-A30F-59252E37897F}.Release|x86.ActiveCfg = Release|Any CPU
		{92C006FE-A9CC-4874-A30F-59252E37897F}.Release|x86.Build.0 = Release|Any CPU
		{8E304276-9B4B-4D50-8919-4B20C30BD964}.Debug|Any CPU.ActiveCfg = Debug|Any CPU
		{8E304276-9B4B-4D50-8919-4B20C30BD964}.Debug|Any CPU.Build.0 = Debug|Any CPU
		{8E304276-9B4B-4D50-8919-4B20C30BD964}.Debug|x64.ActiveCfg = Debug|Any CPU
		{8E304276-9B4B-4D50-8919-4B20C30BD964}.Debug|x64.Build.0 = Debug|Any CPU
		{8E304276-9B4B-4D50-8919-4B20C30BD964}.Debug|x86.ActiveCfg = Debug|Any CPU
		{8E304276-9B4B-4D50-8919-4B20C30BD964}.Debug|x86.Build.0 = Debug|Any CPU
		{8E304276-9B4B-4D50-8919-4B20C30BD964}.Release|Any CPU.ActiveCfg = Release|Any CPU
		{8E304276-9B4B-4D50-8919-4B20C30BD964}.Release|Any CPU.Build.0 = Release|Any CPU
		{8E304276-9B4B-4D50-8919-4B20C30BD964}.Release|x64.ActiveCfg = Release|Any CPU
		{8E304276-9B4B-4D50-8919-4B20C30BD964}.Release|x64.Build.0 = Release|Any CPU
		{8E304276-9B4B-4D50-8919-4B20C30BD964}.Release|x86.ActiveCfg = Release|Any CPU
		{8E304276-9B4B-4D50-8919-4B20C30BD964}.Release|x86.Build.0 = Release|Any CPU
		{69CDBD2F-8EE3-4C81-B36C-478263B7A4F8}.Debug|Any CPU.ActiveCfg = Debug|Any CPU
		{69CDBD2F-8EE3-4C81-B36C-478263B7A4F8}.Debug|Any CPU.Build.0 = Debug|Any CPU
		{69CDBD2F-8EE3-4C81-B36C-478263B7A4F8}.Debug|x64.ActiveCfg = Debug|Any CPU
		{69CDBD2F-8EE3-4C81-B36C-478263B7A4F8}.Debug|x64.Build.0 = Debug|Any CPU
		{69CDBD2F-8EE3-4C81-B36C-478263B7A4F8}.Debug|x86.ActiveCfg = Debug|Any CPU
		{69CDBD2F-8EE3-4C81-B36C-478263B7A4F8}.Debug|x86.Build.0 = Debug|Any CPU
		{69CDBD2F-8EE3-4C81-B36C-478263B7A4F8}.Release|Any CPU.ActiveCfg = Release|Any CPU
		{69CDBD2F-8EE3-4C81-B36C-478263B7A4F8}.Release|Any CPU.Build.0 = Release|Any CPU
		{69CDBD2F-8EE3-4C81-B36C-478263B7A4F8}.Release|x64.ActiveCfg = Release|Any CPU
		{69CDBD2F-8EE3-4C81-B36C-478263B7A4F8}.Release|x64.Build.0 = Release|Any CPU
		{69CDBD2F-8EE3-4C81-B36C-478263B7A4F8}.Release|x86.ActiveCfg = Release|Any CPU
		{69CDBD2F-8EE3-4C81-B36C-478263B7A4F8}.Release|x86.Build.0 = Release|Any CPU
		{5C06B385-CFF3-49EF-9A24-EBD50DD3DE99}.Debug|Any CPU.ActiveCfg = Debug|Any CPU
		{5C06B385-CFF3-49EF-9A24-EBD50DD3DE99}.Debug|Any CPU.Build.0 = Debug|Any CPU
		{5C06B385-CFF3-49EF-9A24-EBD50DD3DE99}.Debug|x64.ActiveCfg = Debug|Any CPU
		{5C06B385-CFF3-49EF-9A24-EBD50DD3DE99}.Debug|x64.Build.0 = Debug|Any CPU
		{5C06B385-CFF3-49EF-9A24-EBD50DD3DE99}.Debug|x86.ActiveCfg = Debug|Any CPU
		{5C06B385-CFF3-49EF-9A24-EBD50DD3DE99}.Debug|x86.Build.0 = Debug|Any CPU
		{5C06B385-CFF3-49EF-9A24-EBD50DD3DE99}.Release|Any CPU.ActiveCfg = Release|Any CPU
		{5C06B385-CFF3-49EF-9A24-EBD50DD3DE99}.Release|Any CPU.Build.0 = Release|Any CPU
		{5C06B385-CFF3-49EF-9A24-EBD50DD3DE99}.Release|x64.ActiveCfg = Release|Any CPU
		{5C06B385-CFF3-49EF-9A24-EBD50DD3DE99}.Release|x64.Build.0 = Release|Any CPU
		{5C06B385-CFF3-49EF-9A24-EBD50DD3DE99}.Release|x86.ActiveCfg = Release|Any CPU
		{5C06B385-CFF3-49EF-9A24-EBD50DD3DE99}.Release|x86.Build.0 = Release|Any CPU
		{AC093FC0-2924-4DAA-AEC4-3B5C79FF57BF}.Debug|Any CPU.ActiveCfg = Debug|Any CPU
		{AC093FC0-2924-4DAA-AEC4-3B5C79FF57BF}.Debug|Any CPU.Build.0 = Debug|Any CPU
		{AC093FC0-2924-4DAA-AEC4-3B5C79FF57BF}.Debug|x64.ActiveCfg = Debug|Any CPU
		{AC093FC0-2924-4DAA-AEC4-3B5C79FF57BF}.Debug|x64.Build.0 = Debug|Any CPU
		{AC093FC0-2924-4DAA-AEC4-3B5C79FF57BF}.Debug|x86.ActiveCfg = Debug|Any CPU
		{AC093FC0-2924-4DAA-AEC4-3B5C79FF57BF}.Debug|x86.Build.0 = Debug|Any CPU
		{AC093FC0-2924-4DAA-AEC4-3B5C79FF57BF}.Release|Any CPU.ActiveCfg = Release|Any CPU
		{AC093FC0-2924-4DAA-AEC4-3B5C79FF57BF}.Release|Any CPU.Build.0 = Release|Any CPU
		{AC093FC0-2924-4DAA-AEC4-3B5C79FF57BF}.Release|x64.ActiveCfg = Release|Any CPU
		{AC093FC0-2924-4DAA-AEC4-3B5C79FF57BF}.Release|x64.Build.0 = Release|Any CPU
		{AC093FC0-2924-4DAA-AEC4-3B5C79FF57BF}.Release|x86.ActiveCfg = Release|Any CPU
		{AC093FC0-2924-4DAA-AEC4-3B5C79FF57BF}.Release|x86.Build.0 = Release|Any CPU
		{E86C72ED-B398-47CA-B020-87A738448E79}.Debug|Any CPU.ActiveCfg = Debug|Win32
		{E86C72ED-B398-47CA-B020-87A738448E79}.Debug|x64.ActiveCfg = Debug|x64
		{E86C72ED-B398-47CA-B020-87A738448E79}.Debug|x64.Build.0 = Debug|x64
		{E86C72ED-B398-47CA-B020-87A738448E79}.Debug|x86.ActiveCfg = Debug|Win32
		{E86C72ED-B398-47CA-B020-87A738448E79}.Debug|x86.Build.0 = Debug|Win32
		{E86C72ED-B398-47CA-B020-87A738448E79}.Release|Any CPU.ActiveCfg = Release|Win32
		{E86C72ED-B398-47CA-B020-87A738448E79}.Release|x64.ActiveCfg = Release|x64
		{E86C72ED-B398-47CA-B020-87A738448E79}.Release|x64.Build.0 = Release|x64
		{E86C72ED-B398-47CA-B020-87A738448E79}.Release|x86.ActiveCfg = Release|Win32
		{E86C72ED-B398-47CA-B020-87A738448E79}.Release|x86.Build.0 = Release|Win32
		{28A29F9B-AF3B-4755-BBDE-125FE207CF00}.Debug|Any CPU.ActiveCfg = Debug|Any CPU
		{28A29F9B-AF3B-4755-BBDE-125FE207CF00}.Debug|Any CPU.Build.0 = Debug|Any CPU
		{28A29F9B-AF3B-4755-BBDE-125FE207CF00}.Debug|x64.ActiveCfg = Debug|Any CPU
		{28A29F9B-AF3B-4755-BBDE-125FE207CF00}.Debug|x64.Build.0 = Debug|Any CPU
		{28A29F9B-AF3B-4755-BBDE-125FE207CF00}.Debug|x86.ActiveCfg = Debug|Any CPU
		{28A29F9B-AF3B-4755-BBDE-125FE207CF00}.Debug|x86.Build.0 = Debug|Any CPU
		{28A29F9B-AF3B-4755-BBDE-125FE207CF00}.Release|Any CPU.ActiveCfg = Release|Any CPU
		{28A29F9B-AF3B-4755-BBDE-125FE207CF00}.Release|Any CPU.Build.0 = Release|Any CPU
		{28A29F9B-AF3B-4755-BBDE-125FE207CF00}.Release|x64.ActiveCfg = Release|Any CPU
		{28A29F9B-AF3B-4755-BBDE-125FE207CF00}.Release|x64.Build.0 = Release|Any CPU
		{28A29F9B-AF3B-4755-BBDE-125FE207CF00}.Release|x86.ActiveCfg = Release|Any CPU
		{28A29F9B-AF3B-4755-BBDE-125FE207CF00}.Release|x86.Build.0 = Release|Any CPU
		{BD7CF533-E657-435C-927E-B21FC77BCEF9}.Debug|Any CPU.ActiveCfg = Debug|Win32
		{BD7CF533-E657-435C-927E-B21FC77BCEF9}.Debug|x64.ActiveCfg = Debug|x64
		{BD7CF533-E657-435C-927E-B21FC77BCEF9}.Debug|x64.Build.0 = Debug|x64
		{BD7CF533-E657-435C-927E-B21FC77BCEF9}.Debug|x86.ActiveCfg = Debug|Win32
		{BD7CF533-E657-435C-927E-B21FC77BCEF9}.Debug|x86.Build.0 = Debug|Win32
		{BD7CF533-E657-435C-927E-B21FC77BCEF9}.Release|Any CPU.ActiveCfg = Release|Win32
		{BD7CF533-E657-435C-927E-B21FC77BCEF9}.Release|x64.ActiveCfg = Release|x64
		{BD7CF533-E657-435C-927E-B21FC77BCEF9}.Release|x64.Build.0 = Release|x64
		{BD7CF533-E657-435C-927E-B21FC77BCEF9}.Release|x86.ActiveCfg = Release|Win32
		{BD7CF533-E657-435C-927E-B21FC77BCEF9}.Release|x86.Build.0 = Release|Win32
		{208E484A-2B8F-48CE-8E01-0E9D4EA48EED}.Debug|Any CPU.ActiveCfg = Debug|Win32
		{208E484A-2B8F-48CE-8E01-0E9D4EA48EED}.Debug|x64.ActiveCfg = Debug|x64
		{208E484A-2B8F-48CE-8E01-0E9D4EA48EED}.Debug|x64.Build.0 = Debug|x64
		{208E484A-2B8F-48CE-8E01-0E9D4EA48EED}.Debug|x86.ActiveCfg = Debug|Win32
		{208E484A-2B8F-48CE-8E01-0E9D4EA48EED}.Debug|x86.Build.0 = Debug|Win32
		{208E484A-2B8F-48CE-8E01-0E9D4EA48EED}.Release|Any CPU.ActiveCfg = Release|Win32
		{208E484A-2B8F-48CE-8E01-0E9D4EA48EED}.Release|x64.ActiveCfg = Release|x64
		{208E484A-2B8F-48CE-8E01-0E9D4EA48EED}.Release|x64.Build.0 = Release|x64
		{208E484A-2B8F-48CE-8E01-0E9D4EA48EED}.Release|x86.ActiveCfg = Release|Win32
		{208E484A-2B8F-48CE-8E01-0E9D4EA48EED}.Release|x86.Build.0 = Release|Win32
		{3CBD44B2-7E7E-44AA-9685-8AC86F5E718B}.Debug|Any CPU.ActiveCfg = Debug|Win32
		{3CBD44B2-7E7E-44AA-9685-8AC86F5E718B}.Debug|x64.ActiveCfg = Debug|x64
		{3CBD44B2-7E7E-44AA-9685-8AC86F5E718B}.Debug|x64.Build.0 = Debug|x64
		{3CBD44B2-7E7E-44AA-9685-8AC86F5E718B}.Debug|x86.ActiveCfg = Debug|Win32
		{3CBD44B2-7E7E-44AA-9685-8AC86F5E718B}.Debug|x86.Build.0 = Debug|Win32
		{3CBD44B2-7E7E-44AA-9685-8AC86F5E718B}.Release|Any CPU.ActiveCfg = Release|Win32
		{3CBD44B2-7E7E-44AA-9685-8AC86F5E718B}.Release|x64.ActiveCfg = Release|x64
		{3CBD44B2-7E7E-44AA-9685-8AC86F5E718B}.Release|x64.Build.0 = Release|x64
		{3CBD44B2-7E7E-44AA-9685-8AC86F5E718B}.Release|x86.ActiveCfg = Release|Win32
		{3CBD44B2-7E7E-44AA-9685-8AC86F5E718B}.Release|x86.Build.0 = Release|Win32
		{40DFC940-31CA-4D8F-A831-A43D22058314}.Debug|Any CPU.ActiveCfg = Debug|Win32
		{40DFC940-31CA-4D8F-A831-A43D22058314}.Debug|x64.ActiveCfg = Debug|x64
		{40DFC940-31CA-4D8F-A831-A43D22058314}.Debug|x64.Build.0 = Debug|x64
		{40DFC940-31CA-4D8F-A831-A43D22058314}.Debug|x86.ActiveCfg = Debug|Win32
		{40DFC940-31CA-4D8F-A831-A43D22058314}.Debug|x86.Build.0 = Debug|Win32
		{40DFC940-31CA-4D8F-A831-A43D22058314}.Release|Any CPU.ActiveCfg = Release|Win32
		{40DFC940-31CA-4D8F-A831-A43D22058314}.Release|x64.ActiveCfg = Release|x64
		{40DFC940-31CA-4D8F-A831-A43D22058314}.Release|x64.Build.0 = Release|x64
		{40DFC940-31CA-4D8F-A831-A43D22058314}.Release|x86.ActiveCfg = Release|Win32
		{40DFC940-31CA-4D8F-A831-A43D22058314}.Release|x86.Build.0 = Release|Win32
		{5E334F89-562D-4231-8DA9-1955E05C7730}.Debug|Any CPU.ActiveCfg = Debug|Win32
		{5E334F89-562D-4231-8DA9-1955E05C7730}.Debug|x64.ActiveCfg = Debug|x64
		{5E334F89-562D-4231-8DA9-1955E05C7730}.Debug|x64.Build.0 = Debug|x64
		{5E334F89-562D-4231-8DA9-1955E05C7730}.Debug|x86.ActiveCfg = Debug|Win32
		{5E334F89-562D-4231-8DA9-1955E05C7730}.Debug|x86.Build.0 = Debug|Win32
		{5E334F89-562D-4231-8DA9-1955E05C7730}.Release|Any CPU.ActiveCfg = Release|Win32
		{5E334F89-562D-4231-8DA9-1955E05C7730}.Release|x64.ActiveCfg = Release|x64
		{5E334F89-562D-4231-8DA9-1955E05C7730}.Release|x64.Build.0 = Release|x64
		{5E334F89-562D-4231-8DA9-1955E05C7730}.Release|x86.ActiveCfg = Release|Win32
		{5E334F89-562D-4231-8DA9-1955E05C7730}.Release|x86.Build.0 = Release|Win32
		{6AA7931C-D787-4DDE-840A-C36BEE1704F7}.Debug|Any CPU.ActiveCfg = Debug|Win32
		{6AA7931C-D787-4DDE-840A-C36BEE1704F7}.Debug|x64.ActiveCfg = Debug|x64
		{6AA7931C-D787-4DDE-840A-C36BEE1704F7}.Debug|x64.Build.0 = Debug|x64
		{6AA7931C-D787-4DDE-840A-C36BEE1704F7}.Debug|x86.ActiveCfg = Debug|Win32
		{6AA7931C-D787-4DDE-840A-C36BEE1704F7}.Debug|x86.Build.0 = Debug|Win32
		{6AA7931C-D787-4DDE-840A-C36BEE1704F7}.Release|Any CPU.ActiveCfg = Release|Win32
		{6AA7931C-D787-4DDE-840A-C36BEE1704F7}.Release|x64.ActiveCfg = Release|x64
		{6AA7931C-D787-4DDE-840A-C36BEE1704F7}.Release|x64.Build.0 = Release|x64
		{6AA7931C-D787-4DDE-840A-C36BEE1704F7}.Release|x86.ActiveCfg = Release|Win32
		{6AA7931C-D787-4DDE-840A-C36BEE1704F7}.Release|x86.Build.0 = Release|Win32
		{B8BADEC9-2CD1-4596-B545-B29947845641}.Debug|Any CPU.ActiveCfg = Debug|Any CPU
		{B8BADEC9-2CD1-4596-B545-B29947845641}.Debug|Any CPU.Build.0 = Debug|Any CPU
		{B8BADEC9-2CD1-4596-B545-B29947845641}.Debug|x64.ActiveCfg = Debug|Any CPU
		{B8BADEC9-2CD1-4596-B545-B29947845641}.Debug|x64.Build.0 = Debug|Any CPU
		{B8BADEC9-2CD1-4596-B545-B29947845641}.Debug|x86.ActiveCfg = Debug|Any CPU
		{B8BADEC9-2CD1-4596-B545-B29947845641}.Debug|x86.Build.0 = Debug|Any CPU
		{B8BADEC9-2CD1-4596-B545-B29947845641}.Release|Any CPU.ActiveCfg = Release|Any CPU
		{B8BADEC9-2CD1-4596-B545-B29947845641}.Release|Any CPU.Build.0 = Release|Any CPU
		{B8BADEC9-2CD1-4596-B545-B29947845641}.Release|x64.ActiveCfg = Release|Any CPU
		{B8BADEC9-2CD1-4596-B545-B29947845641}.Release|x64.Build.0 = Release|Any CPU
		{B8BADEC9-2CD1-4596-B545-B29947845641}.Release|x86.ActiveCfg = Release|Any CPU
		{B8BADEC9-2CD1-4596-B545-B29947845641}.Release|x86.Build.0 = Release|Any CPU
		{CD96A581-EEA1-4654-A947-29BBF835B539}.Debug|Any CPU.ActiveCfg = Debug|Any CPU
		{CD96A581-EEA1-4654-A947-29BBF835B539}.Debug|Any CPU.Build.0 = Debug|Any CPU
		{CD96A581-EEA1-4654-A947-29BBF835B539}.Debug|x64.ActiveCfg = Debug|Any CPU
		{CD96A581-EEA1-4654-A947-29BBF835B539}.Debug|x64.Build.0 = Debug|Any CPU
		{CD96A581-EEA1-4654-A947-29BBF835B539}.Debug|x86.ActiveCfg = Debug|Any CPU
		{CD96A581-EEA1-4654-A947-29BBF835B539}.Debug|x86.Build.0 = Debug|Any CPU
		{CD96A581-EEA1-4654-A947-29BBF835B539}.Release|Any CPU.ActiveCfg = Release|Any CPU
		{CD96A581-EEA1-4654-A947-29BBF835B539}.Release|Any CPU.Build.0 = Release|Any CPU
		{CD96A581-EEA1-4654-A947-29BBF835B539}.Release|x64.ActiveCfg = Release|Any CPU
		{CD96A581-EEA1-4654-A947-29BBF835B539}.Release|x64.Build.0 = Release|Any CPU
		{CD96A581-EEA1-4654-A947-29BBF835B539}.Release|x86.ActiveCfg = Release|Any CPU
		{CD96A581-EEA1-4654-A947-29BBF835B539}.Release|x86.Build.0 = Release|Any CPU
		{08D94858-AE72-4A57-BDD6-8EA21850AC54}.Debug|Any CPU.ActiveCfg = Debug|Win32
		{08D94858-AE72-4A57-BDD6-8EA21850AC54}.Debug|x64.ActiveCfg = Debug|x64
		{08D94858-AE72-4A57-BDD6-8EA21850AC54}.Debug|x64.Build.0 = Debug|x64
		{08D94858-AE72-4A57-BDD6-8EA21850AC54}.Debug|x86.ActiveCfg = Debug|Win32
		{08D94858-AE72-4A57-BDD6-8EA21850AC54}.Debug|x86.Build.0 = Debug|Win32
		{08D94858-AE72-4A57-BDD6-8EA21850AC54}.Release|Any CPU.ActiveCfg = Release|Win32
		{08D94858-AE72-4A57-BDD6-8EA21850AC54}.Release|x64.ActiveCfg = Release|x64
		{08D94858-AE72-4A57-BDD6-8EA21850AC54}.Release|x64.Build.0 = Release|x64
		{08D94858-AE72-4A57-BDD6-8EA21850AC54}.Release|x86.ActiveCfg = Release|Win32
		{08D94858-AE72-4A57-BDD6-8EA21850AC54}.Release|x86.Build.0 = Release|Win32
		{AD19EEE6-C820-4390-9D82-CBAF1904B40D}.Debug|Any CPU.ActiveCfg = Debug|Win32
		{AD19EEE6-C820-4390-9D82-CBAF1904B40D}.Debug|x64.ActiveCfg = Debug|x64
		{AD19EEE6-C820-4390-9D82-CBAF1904B40D}.Debug|x64.Build.0 = Debug|x64
		{AD19EEE6-C820-4390-9D82-CBAF1904B40D}.Debug|x86.ActiveCfg = Debug|Win32
		{AD19EEE6-C820-4390-9D82-CBAF1904B40D}.Debug|x86.Build.0 = Debug|Win32
		{AD19EEE6-C820-4390-9D82-CBAF1904B40D}.Release|Any CPU.ActiveCfg = Release|Win32
		{AD19EEE6-C820-4390-9D82-CBAF1904B40D}.Release|x64.ActiveCfg = Release|x64
		{AD19EEE6-C820-4390-9D82-CBAF1904B40D}.Release|x64.Build.0 = Release|x64
		{AD19EEE6-C820-4390-9D82-CBAF1904B40D}.Release|x86.ActiveCfg = Release|Win32
		{AD19EEE6-C820-4390-9D82-CBAF1904B40D}.Release|x86.Build.0 = Release|Win32
		{38C425DE-10D9-4EC5-A4F8-DE9C16292903}.Debug|Any CPU.ActiveCfg = Debug|Win32
		{38C425DE-10D9-4EC5-A4F8-DE9C16292903}.Debug|x64.ActiveCfg = Debug|x64
		{38C425DE-10D9-4EC5-A4F8-DE9C16292903}.Debug|x64.Build.0 = Debug|x64
		{38C425DE-10D9-4EC5-A4F8-DE9C16292903}.Debug|x86.ActiveCfg = Debug|Win32
		{38C425DE-10D9-4EC5-A4F8-DE9C16292903}.Debug|x86.Build.0 = Debug|Win32
		{38C425DE-10D9-4EC5-A4F8-DE9C16292903}.Release|Any CPU.ActiveCfg = Release|Win32
		{38C425DE-10D9-4EC5-A4F8-DE9C16292903}.Release|x64.ActiveCfg = Release|x64
		{38C425DE-10D9-4EC5-A4F8-DE9C16292903}.Release|x64.Build.0 = Release|x64
		{38C425DE-10D9-4EC5-A4F8-DE9C16292903}.Release|x86.ActiveCfg = Release|Win32
		{38C425DE-10D9-4EC5-A4F8-DE9C16292903}.Release|x86.Build.0 = Release|Win32
		{D5129A97-4666-444C-A561-0315EED2116D}.Debug|Any CPU.ActiveCfg = Debug|Win32
		{D5129A97-4666-444C-A561-0315EED2116D}.Debug|x64.ActiveCfg = Debug|x64
		{D5129A97-4666-444C-A561-0315EED2116D}.Debug|x64.Build.0 = Debug|x64
		{D5129A97-4666-444C-A561-0315EED2116D}.Debug|x86.ActiveCfg = Debug|Win32
		{D5129A97-4666-444C-A561-0315EED2116D}.Debug|x86.Build.0 = Debug|Win32
		{D5129A97-4666-444C-A561-0315EED2116D}.Release|Any CPU.ActiveCfg = Release|Win32
		{D5129A97-4666-444C-A561-0315EED2116D}.Release|x64.ActiveCfg = Release|x64
		{D5129A97-4666-444C-A561-0315EED2116D}.Release|x64.Build.0 = Release|x64
		{D5129A97-4666-444C-A561-0315EED2116D}.Release|x86.ActiveCfg = Release|Win32
		{D5129A97-4666-444C-A561-0315EED2116D}.Release|x86.Build.0 = Release|Win32
		{97203DFE-F284-460B-9DA0-8B8D4E750D8D}.Debug|Any CPU.ActiveCfg = Debug|Any CPU
		{97203DFE-F284-460B-9DA0-8B8D4E750D8D}.Debug|Any CPU.Build.0 = Debug|Any CPU
		{97203DFE-F284-460B-9DA0-8B8D4E750D8D}.Debug|x64.ActiveCfg = Debug|Any CPU
		{97203DFE-F284-460B-9DA0-8B8D4E750D8D}.Debug|x64.Build.0 = Debug|Any CPU
		{97203DFE-F284-460B-9DA0-8B8D4E750D8D}.Debug|x86.ActiveCfg = Debug|Any CPU
		{97203DFE-F284-460B-9DA0-8B8D4E750D8D}.Debug|x86.Build.0 = Debug|Any CPU
		{97203DFE-F284-460B-9DA0-8B8D4E750D8D}.Release|Any CPU.ActiveCfg = Release|Any CPU
		{97203DFE-F284-460B-9DA0-8B8D4E750D8D}.Release|Any CPU.Build.0 = Release|Any CPU
		{97203DFE-F284-460B-9DA0-8B8D4E750D8D}.Release|x64.ActiveCfg = Release|Any CPU
		{97203DFE-F284-460B-9DA0-8B8D4E750D8D}.Release|x64.Build.0 = Release|Any CPU
		{97203DFE-F284-460B-9DA0-8B8D4E750D8D}.Release|x86.ActiveCfg = Release|Any CPU
		{97203DFE-F284-460B-9DA0-8B8D4E750D8D}.Release|x86.Build.0 = Release|Any CPU
		{6743CBCD-5095-4345-A753-8CE9CE7AE733}.Debug|Any CPU.ActiveCfg = Debug|Any CPU
		{6743CBCD-5095-4345-A753-8CE9CE7AE733}.Debug|Any CPU.Build.0 = Debug|Any CPU
		{6743CBCD-5095-4345-A753-8CE9CE7AE733}.Debug|x64.ActiveCfg = Debug|Any CPU
		{6743CBCD-5095-4345-A753-8CE9CE7AE733}.Debug|x64.Build.0 = Debug|Any CPU
		{6743CBCD-5095-4345-A753-8CE9CE7AE733}.Debug|x86.ActiveCfg = Debug|Any CPU
		{6743CBCD-5095-4345-A753-8CE9CE7AE733}.Debug|x86.Build.0 = Debug|Any CPU
		{6743CBCD-5095-4345-A753-8CE9CE7AE733}.Release|Any CPU.ActiveCfg = Release|Any CPU
		{6743CBCD-5095-4345-A753-8CE9CE7AE733}.Release|Any CPU.Build.0 = Release|Any CPU
		{6743CBCD-5095-4345-A753-8CE9CE7AE733}.Release|x64.ActiveCfg = Release|Any CPU
		{6743CBCD-5095-4345-A753-8CE9CE7AE733}.Release|x64.Build.0 = Release|Any CPU
		{6743CBCD-5095-4345-A753-8CE9CE7AE733}.Release|x86.ActiveCfg = Release|Any CPU
		{6743CBCD-5095-4345-A753-8CE9CE7AE733}.Release|x86.Build.0 = Release|Any CPU
		{F31F92A0-AFDD-4795-85D9-F91CFA2B2CB4}.Debug|Any CPU.ActiveCfg = Debug|Any CPU
		{F31F92A0-AFDD-4795-85D9-F91CFA2B2CB4}.Debug|Any CPU.Build.0 = Debug|Any CPU
		{F31F92A0-AFDD-4795-85D9-F91CFA2B2CB4}.Debug|x64.ActiveCfg = Debug|Any CPU
		{F31F92A0-AFDD-4795-85D9-F91CFA2B2CB4}.Debug|x64.Build.0 = Debug|Any CPU
		{F31F92A0-AFDD-4795-85D9-F91CFA2B2CB4}.Debug|x86.ActiveCfg = Debug|Any CPU
		{F31F92A0-AFDD-4795-85D9-F91CFA2B2CB4}.Debug|x86.Build.0 = Debug|Any CPU
		{F31F92A0-AFDD-4795-85D9-F91CFA2B2CB4}.Release|Any CPU.ActiveCfg = Release|Any CPU
		{F31F92A0-AFDD-4795-85D9-F91CFA2B2CB4}.Release|Any CPU.Build.0 = Release|Any CPU
		{F31F92A0-AFDD-4795-85D9-F91CFA2B2CB4}.Release|x64.ActiveCfg = Release|Any CPU
		{F31F92A0-AFDD-4795-85D9-F91CFA2B2CB4}.Release|x64.Build.0 = Release|Any CPU
		{F31F92A0-AFDD-4795-85D9-F91CFA2B2CB4}.Release|x86.ActiveCfg = Release|Any CPU
		{F31F92A0-AFDD-4795-85D9-F91CFA2B2CB4}.Release|x86.Build.0 = Release|Any CPU
		{E9C4EE49-C030-40FF-91DA-D7253B162019}.Debug|Any CPU.ActiveCfg = Debug|Win32
		{E9C4EE49-C030-40FF-91DA-D7253B162019}.Debug|x64.ActiveCfg = Debug|x64
		{E9C4EE49-C030-40FF-91DA-D7253B162019}.Debug|x64.Build.0 = Debug|x64
		{E9C4EE49-C030-40FF-91DA-D7253B162019}.Debug|x86.ActiveCfg = Debug|Win32
		{E9C4EE49-C030-40FF-91DA-D7253B162019}.Debug|x86.Build.0 = Debug|Win32
		{E9C4EE49-C030-40FF-91DA-D7253B162019}.Release|Any CPU.ActiveCfg = Release|Win32
		{E9C4EE49-C030-40FF-91DA-D7253B162019}.Release|x64.ActiveCfg = Release|x64
		{E9C4EE49-C030-40FF-91DA-D7253B162019}.Release|x64.Build.0 = Release|x64
		{E9C4EE49-C030-40FF-91DA-D7253B162019}.Release|x86.ActiveCfg = Release|Win32
		{E9C4EE49-C030-40FF-91DA-D7253B162019}.Release|x86.Build.0 = Release|Win32
		{6184FE9C-FA76-4DBB-9E67-B6573CB16B2A}.Debug|Any CPU.ActiveCfg = Debug|Win32
		{6184FE9C-FA76-4DBB-9E67-B6573CB16B2A}.Debug|x64.ActiveCfg = Debug|x64
		{6184FE9C-FA76-4DBB-9E67-B6573CB16B2A}.Debug|x64.Build.0 = Debug|x64
		{6184FE9C-FA76-4DBB-9E67-B6573CB16B2A}.Debug|x86.ActiveCfg = Debug|Win32
		{6184FE9C-FA76-4DBB-9E67-B6573CB16B2A}.Debug|x86.Build.0 = Debug|Win32
		{6184FE9C-FA76-4DBB-9E67-B6573CB16B2A}.Release|Any CPU.ActiveCfg = Release|Win32
		{6184FE9C-FA76-4DBB-9E67-B6573CB16B2A}.Release|x64.ActiveCfg = Release|x64
		{6184FE9C-FA76-4DBB-9E67-B6573CB16B2A}.Release|x64.Build.0 = Release|x64
		{6184FE9C-FA76-4DBB-9E67-B6573CB16B2A}.Release|x86.ActiveCfg = Release|Win32
		{6184FE9C-FA76-4DBB-9E67-B6573CB16B2A}.Release|x86.Build.0 = Release|Win32
		{514C2207-3497-4CB1-AA40-9E5D5053741D}.Debug|Any CPU.ActiveCfg = Debug|Win32
		{514C2207-3497-4CB1-AA40-9E5D5053741D}.Debug|x64.ActiveCfg = Debug|x64
		{514C2207-3497-4CB1-AA40-9E5D5053741D}.Debug|x64.Build.0 = Debug|x64
		{514C2207-3497-4CB1-AA40-9E5D5053741D}.Debug|x86.ActiveCfg = Debug|Win32
		{514C2207-3497-4CB1-AA40-9E5D5053741D}.Debug|x86.Build.0 = Debug|Win32
		{514C2207-3497-4CB1-AA40-9E5D5053741D}.Release|Any CPU.ActiveCfg = Release|Win32
		{514C2207-3497-4CB1-AA40-9E5D5053741D}.Release|x64.ActiveCfg = Release|x64
		{514C2207-3497-4CB1-AA40-9E5D5053741D}.Release|x64.Build.0 = Release|x64
		{514C2207-3497-4CB1-AA40-9E5D5053741D}.Release|x86.ActiveCfg = Release|Win32
		{514C2207-3497-4CB1-AA40-9E5D5053741D}.Release|x86.Build.0 = Release|Win32
		{EE2FAC29-0F3E-4271-893B-0B53023165DB}.Debug|Any CPU.ActiveCfg = Debug|Win32
		{EE2FAC29-0F3E-4271-893B-0B53023165DB}.Debug|x64.ActiveCfg = Debug|x64
		{EE2FAC29-0F3E-4271-893B-0B53023165DB}.Debug|x64.Build.0 = Debug|x64
		{EE2FAC29-0F3E-4271-893B-0B53023165DB}.Debug|x86.ActiveCfg = Debug|Win32
		{EE2FAC29-0F3E-4271-893B-0B53023165DB}.Debug|x86.Build.0 = Debug|Win32
		{EE2FAC29-0F3E-4271-893B-0B53023165DB}.Release|Any CPU.ActiveCfg = Release|Win32
		{EE2FAC29-0F3E-4271-893B-0B53023165DB}.Release|x64.ActiveCfg = Release|x64
		{EE2FAC29-0F3E-4271-893B-0B53023165DB}.Release|x64.Build.0 = Release|x64
		{EE2FAC29-0F3E-4271-893B-0B53023165DB}.Release|x86.ActiveCfg = Release|Win32
		{EE2FAC29-0F3E-4271-893B-0B53023165DB}.Release|x86.Build.0 = Release|Win32
		{3E7207DB-9EE1-4EFF-AC10-E205E58C247D}.Debug|Any CPU.ActiveCfg = Debug|Win32
		{3E7207DB-9EE1-4EFF-AC10-E205E58C247D}.Debug|x64.ActiveCfg = Debug|x64
		{3E7207DB-9EE1-4EFF-AC10-E205E58C247D}.Debug|x64.Build.0 = Debug|x64
		{3E7207DB-9EE1-4EFF-AC10-E205E58C247D}.Debug|x86.ActiveCfg = Debug|Win32
		{3E7207DB-9EE1-4EFF-AC10-E205E58C247D}.Debug|x86.Build.0 = Debug|Win32
		{3E7207DB-9EE1-4EFF-AC10-E205E58C247D}.Release|Any CPU.ActiveCfg = Release|Win32
		{3E7207DB-9EE1-4EFF-AC10-E205E58C247D}.Release|x64.ActiveCfg = Release|x64
		{3E7207DB-9EE1-4EFF-AC10-E205E58C247D}.Release|x64.Build.0 = Release|x64
		{3E7207DB-9EE1-4EFF-AC10-E205E58C247D}.Release|x86.ActiveCfg = Release|Win32
		{3E7207DB-9EE1-4EFF-AC10-E205E58C247D}.Release|x86.Build.0 = Release|Win32
		{E29D8C6F-9269-4934-B4CD-B634FBCE4068}.Debug|Any CPU.ActiveCfg = Debug|Win32
		{E29D8C6F-9269-4934-B4CD-B634FBCE4068}.Debug|x64.ActiveCfg = Debug|x64
		{E29D8C6F-9269-4934-B4CD-B634FBCE4068}.Debug|x64.Build.0 = Debug|x64
		{E29D8C6F-9269-4934-B4CD-B634FBCE4068}.Debug|x86.ActiveCfg = Debug|Win32
		{E29D8C6F-9269-4934-B4CD-B634FBCE4068}.Debug|x86.Build.0 = Debug|Win32
		{E29D8C6F-9269-4934-B4CD-B634FBCE4068}.Release|Any CPU.ActiveCfg = Release|Win32
		{E29D8C6F-9269-4934-B4CD-B634FBCE4068}.Release|x64.ActiveCfg = Release|x64
		{E29D8C6F-9269-4934-B4CD-B634FBCE4068}.Release|x64.Build.0 = Release|x64
		{E29D8C6F-9269-4934-B4CD-B634FBCE4068}.Release|x86.ActiveCfg = Release|Win32
		{E29D8C6F-9269-4934-B4CD-B634FBCE4068}.Release|x86.Build.0 = Release|Win32
		{426A9464-CB87-4C32-992D-755BB5825CF5}.Debug|Any CPU.ActiveCfg = Debug|Win32
		{426A9464-CB87-4C32-992D-755BB5825CF5}.Debug|x64.ActiveCfg = Debug|x64
		{426A9464-CB87-4C32-992D-755BB5825CF5}.Debug|x64.Build.0 = Debug|x64
		{426A9464-CB87-4C32-992D-755BB5825CF5}.Debug|x86.ActiveCfg = Debug|Win32
		{426A9464-CB87-4C32-992D-755BB5825CF5}.Debug|x86.Build.0 = Debug|Win32
		{426A9464-CB87-4C32-992D-755BB5825CF5}.Release|Any CPU.ActiveCfg = Release|Win32
		{426A9464-CB87-4C32-992D-755BB5825CF5}.Release|x64.ActiveCfg = Release|x64
		{426A9464-CB87-4C32-992D-755BB5825CF5}.Release|x64.Build.0 = Release|x64
		{426A9464-CB87-4C32-992D-755BB5825CF5}.Release|x86.ActiveCfg = Release|Win32
		{426A9464-CB87-4C32-992D-755BB5825CF5}.Release|x86.Build.0 = Release|Win32
		{00915905-9095-4334-A8E6-3BB8A552C8A2}.Debug|Any CPU.ActiveCfg = Debug|Win32
		{00915905-9095-4334-A8E6-3BB8A552C8A2}.Debug|x64.ActiveCfg = Debug|x64
		{00915905-9095-4334-A8E6-3BB8A552C8A2}.Debug|x64.Build.0 = Debug|x64
		{00915905-9095-4334-A8E6-3BB8A552C8A2}.Debug|x86.ActiveCfg = Debug|Win32
		{00915905-9095-4334-A8E6-3BB8A552C8A2}.Debug|x86.Build.0 = Debug|Win32
		{00915905-9095-4334-A8E6-3BB8A552C8A2}.Release|Any CPU.ActiveCfg = Release|Win32
		{00915905-9095-4334-A8E6-3BB8A552C8A2}.Release|x64.ActiveCfg = Release|x64
		{00915905-9095-4334-A8E6-3BB8A552C8A2}.Release|x64.Build.0 = Release|x64
		{00915905-9095-4334-A8E6-3BB8A552C8A2}.Release|x86.ActiveCfg = Release|Win32
		{00915905-9095-4334-A8E6-3BB8A552C8A2}.Release|x86.Build.0 = Release|Win32
		{05E57D35-F9C5-47A2-99D6-9F8E0A3D2E45}.Debug|Any CPU.ActiveCfg = Debug|Win32
		{05E57D35-F9C5-47A2-99D6-9F8E0A3D2E45}.Debug|x64.ActiveCfg = Debug|x64
		{05E57D35-F9C5-47A2-99D6-9F8E0A3D2E45}.Debug|x64.Build.0 = Debug|x64
		{05E57D35-F9C5-47A2-99D6-9F8E0A3D2E45}.Debug|x86.ActiveCfg = Debug|Win32
		{05E57D35-F9C5-47A2-99D6-9F8E0A3D2E45}.Debug|x86.Build.0 = Debug|Win32
		{05E57D35-F9C5-47A2-99D6-9F8E0A3D2E45}.Release|Any CPU.ActiveCfg = Release|Win32
		{05E57D35-F9C5-47A2-99D6-9F8E0A3D2E45}.Release|x64.ActiveCfg = Release|x64
		{05E57D35-F9C5-47A2-99D6-9F8E0A3D2E45}.Release|x64.Build.0 = Release|x64
		{05E57D35-F9C5-47A2-99D6-9F8E0A3D2E45}.Release|x86.ActiveCfg = Release|Win32
		{05E57D35-F9C5-47A2-99D6-9F8E0A3D2E45}.Release|x86.Build.0 = Release|Win32
		{3E71FCA7-4B86-46B0-917C-D9EDFD3F7FD7}.Debug|Any CPU.ActiveCfg = Debug|Win32
		{3E71FCA7-4B86-46B0-917C-D9EDFD3F7FD7}.Debug|x64.ActiveCfg = Debug|x64
		{3E71FCA7-4B86-46B0-917C-D9EDFD3F7FD7}.Debug|x64.Build.0 = Debug|x64
		{3E71FCA7-4B86-46B0-917C-D9EDFD3F7FD7}.Debug|x86.ActiveCfg = Debug|Win32
		{3E71FCA7-4B86-46B0-917C-D9EDFD3F7FD7}.Debug|x86.Build.0 = Debug|Win32
		{3E71FCA7-4B86-46B0-917C-D9EDFD3F7FD7}.Release|Any CPU.ActiveCfg = Release|Win32
		{3E71FCA7-4B86-46B0-917C-D9EDFD3F7FD7}.Release|x64.ActiveCfg = Release|x64
		{3E71FCA7-4B86-46B0-917C-D9EDFD3F7FD7}.Release|x64.Build.0 = Release|x64
		{3E71FCA7-4B86-46B0-917C-D9EDFD3F7FD7}.Release|x86.ActiveCfg = Release|Win32
		{3E71FCA7-4B86-46B0-917C-D9EDFD3F7FD7}.Release|x86.Build.0 = Release|Win32
		{45F6B7DD-E48C-4B3B-8089-A1FEDA7160D0}.Debug|Any CPU.ActiveCfg = Debug|Win32
		{45F6B7DD-E48C-4B3B-8089-A1FEDA7160D0}.Debug|x64.ActiveCfg = Debug|x64
		{45F6B7DD-E48C-4B3B-8089-A1FEDA7160D0}.Debug|x64.Build.0 = Debug|x64
		{45F6B7DD-E48C-4B3B-8089-A1FEDA7160D0}.Debug|x86.ActiveCfg = Debug|Win32
		{45F6B7DD-E48C-4B3B-8089-A1FEDA7160D0}.Debug|x86.Build.0 = Debug|Win32
		{45F6B7DD-E48C-4B3B-8089-A1FEDA7160D0}.Release|Any CPU.ActiveCfg = Release|Win32
		{45F6B7DD-E48C-4B3B-8089-A1FEDA7160D0}.Release|x64.ActiveCfg = Release|x64
		{45F6B7DD-E48C-4B3B-8089-A1FEDA7160D0}.Release|x64.Build.0 = Release|x64
		{45F6B7DD-E48C-4B3B-8089-A1FEDA7160D0}.Release|x86.ActiveCfg = Release|Win32
		{45F6B7DD-E48C-4B3B-8089-A1FEDA7160D0}.Release|x86.Build.0 = Release|Win32
		{88687F9A-2385-4C0B-966A-918DC6A2EFD1}.Debug|Any CPU.ActiveCfg = Debug|Win32
		{88687F9A-2385-4C0B-966A-918DC6A2EFD1}.Debug|x64.ActiveCfg = Debug|x64
		{88687F9A-2385-4C0B-966A-918DC6A2EFD1}.Debug|x64.Build.0 = Debug|x64
		{88687F9A-2385-4C0B-966A-918DC6A2EFD1}.Debug|x86.ActiveCfg = Debug|Win32
		{88687F9A-2385-4C0B-966A-918DC6A2EFD1}.Debug|x86.Build.0 = Debug|Win32
		{88687F9A-2385-4C0B-966A-918DC6A2EFD1}.Release|Any CPU.ActiveCfg = Release|Win32
		{88687F9A-2385-4C0B-966A-918DC6A2EFD1}.Release|x64.ActiveCfg = Release|x64
		{88687F9A-2385-4C0B-966A-918DC6A2EFD1}.Release|x64.Build.0 = Release|x64
		{88687F9A-2385-4C0B-966A-918DC6A2EFD1}.Release|x86.ActiveCfg = Release|Win32
		{88687F9A-2385-4C0B-966A-918DC6A2EFD1}.Release|x86.Build.0 = Release|Win32
		{D49D5519-DF99-4D1E-AD6C-DD78473573BA}.Debug|Any CPU.ActiveCfg = Debug|Win32
		{D49D5519-DF99-4D1E-AD6C-DD78473573BA}.Debug|x64.ActiveCfg = Debug|x64
		{D49D5519-DF99-4D1E-AD6C-DD78473573BA}.Debug|x64.Build.0 = Debug|x64
		{D49D5519-DF99-4D1E-AD6C-DD78473573BA}.Debug|x86.ActiveCfg = Debug|Win32
		{D49D5519-DF99-4D1E-AD6C-DD78473573BA}.Debug|x86.Build.0 = Debug|Win32
		{D49D5519-DF99-4D1E-AD6C-DD78473573BA}.Release|Any CPU.ActiveCfg = Release|Win32
		{D49D5519-DF99-4D1E-AD6C-DD78473573BA}.Release|x64.ActiveCfg = Release|x64
		{D49D5519-DF99-4D1E-AD6C-DD78473573BA}.Release|x64.Build.0 = Release|x64
		{D49D5519-DF99-4D1E-AD6C-DD78473573BA}.Release|x86.ActiveCfg = Release|Win32
		{D49D5519-DF99-4D1E-AD6C-DD78473573BA}.Release|x86.Build.0 = Release|Win32
		{6D4A303C-29CB-4727-9A4C-E193455117AC}.Debug|Any CPU.ActiveCfg = Debug|Win32
		{6D4A303C-29CB-4727-9A4C-E193455117AC}.Debug|x64.ActiveCfg = Debug|x64
		{6D4A303C-29CB-4727-9A4C-E193455117AC}.Debug|x64.Build.0 = Debug|x64
		{6D4A303C-29CB-4727-9A4C-E193455117AC}.Debug|x86.ActiveCfg = Debug|Win32
		{6D4A303C-29CB-4727-9A4C-E193455117AC}.Debug|x86.Build.0 = Debug|Win32
		{6D4A303C-29CB-4727-9A4C-E193455117AC}.Release|Any CPU.ActiveCfg = Release|Win32
		{6D4A303C-29CB-4727-9A4C-E193455117AC}.Release|x64.ActiveCfg = Release|x64
		{6D4A303C-29CB-4727-9A4C-E193455117AC}.Release|x64.Build.0 = Release|x64
		{6D4A303C-29CB-4727-9A4C-E193455117AC}.Release|x86.ActiveCfg = Release|Win32
		{6D4A303C-29CB-4727-9A4C-E193455117AC}.Release|x86.Build.0 = Release|Win32
		{888ACD60-EE96-4BAC-B8BB-A2E163EE6AA0}.Debug|Any CPU.ActiveCfg = Debug|Win32
		{888ACD60-EE96-4BAC-B8BB-A2E163EE6AA0}.Debug|x64.ActiveCfg = Debug|x64
		{888ACD60-EE96-4BAC-B8BB-A2E163EE6AA0}.Debug|x64.Build.0 = Debug|x64
		{888ACD60-EE96-4BAC-B8BB-A2E163EE6AA0}.Debug|x86.ActiveCfg = Debug|Win32
		{888ACD60-EE96-4BAC-B8BB-A2E163EE6AA0}.Debug|x86.Build.0 = Debug|Win32
		{888ACD60-EE96-4BAC-B8BB-A2E163EE6AA0}.Release|Any CPU.ActiveCfg = Release|Win32
		{888ACD60-EE96-4BAC-B8BB-A2E163EE6AA0}.Release|x64.ActiveCfg = Release|x64
		{888ACD60-EE96-4BAC-B8BB-A2E163EE6AA0}.Release|x64.Build.0 = Release|x64
		{888ACD60-EE96-4BAC-B8BB-A2E163EE6AA0}.Release|x86.ActiveCfg = Release|Win32
		{888ACD60-EE96-4BAC-B8BB-A2E163EE6AA0}.Release|x86.Build.0 = Release|Win32
		{38CBCCFE-6FD7-48D9-B29E-372D27F54D56}.Debug|Any CPU.ActiveCfg = Debug|Win32
		{38CBCCFE-6FD7-48D9-B29E-372D27F54D56}.Debug|x64.ActiveCfg = Debug|x64
		{38CBCCFE-6FD7-48D9-B29E-372D27F54D56}.Debug|x64.Build.0 = Debug|x64
		{38CBCCFE-6FD7-48D9-B29E-372D27F54D56}.Debug|x86.ActiveCfg = Debug|Win32
		{38CBCCFE-6FD7-48D9-B29E-372D27F54D56}.Debug|x86.Build.0 = Debug|Win32
		{38CBCCFE-6FD7-48D9-B29E-372D27F54D56}.Release|Any CPU.ActiveCfg = Release|Win32
		{38CBCCFE-6FD7-48D9-B29E-372D27F54D56}.Release|x64.ActiveCfg = Release|x64
		{38CBCCFE-6FD7-48D9-B29E-372D27F54D56}.Release|x64.Build.0 = Release|x64
		{38CBCCFE-6FD7-48D9-B29E-372D27F54D56}.Release|x86.ActiveCfg = Release|Win32
		{38CBCCFE-6FD7-48D9-B29E-372D27F54D56}.Release|x86.Build.0 = Release|Win32
		{E19F4C20-8AC4-422C-A0D3-C1635CA37178}.Debug|Any CPU.ActiveCfg = Debug|Win32
		{E19F4C20-8AC4-422C-A0D3-C1635CA37178}.Debug|x64.ActiveCfg = Debug|x64
		{E19F4C20-8AC4-422C-A0D3-C1635CA37178}.Debug|x64.Build.0 = Debug|x64
		{E19F4C20-8AC4-422C-A0D3-C1635CA37178}.Debug|x86.ActiveCfg = Debug|Win32
		{E19F4C20-8AC4-422C-A0D3-C1635CA37178}.Debug|x86.Build.0 = Debug|Win32
		{E19F4C20-8AC4-422C-A0D3-C1635CA37178}.Release|Any CPU.ActiveCfg = Release|Win32
		{E19F4C20-8AC4-422C-A0D3-C1635CA37178}.Release|x64.ActiveCfg = Release|x64
		{E19F4C20-8AC4-422C-A0D3-C1635CA37178}.Release|x64.Build.0 = Release|x64
		{E19F4C20-8AC4-422C-A0D3-C1635CA37178}.Release|x86.ActiveCfg = Release|Win32
		{E19F4C20-8AC4-422C-A0D3-C1635CA37178}.Release|x86.Build.0 = Release|Win32
		{1DBC05AC-88CA-4E94-B0BB-C06517CE36EB}.Debug|Any CPU.ActiveCfg = Debug|Win32
		{1DBC05AC-88CA-4E94-B0BB-C06517CE36EB}.Debug|x64.ActiveCfg = Debug|x64
		{1DBC05AC-88CA-4E94-B0BB-C06517CE36EB}.Debug|x64.Build.0 = Debug|x64
		{1DBC05AC-88CA-4E94-B0BB-C06517CE36EB}.Debug|x86.ActiveCfg = Debug|Win32
		{1DBC05AC-88CA-4E94-B0BB-C06517CE36EB}.Debug|x86.Build.0 = Debug|Win32
		{1DBC05AC-88CA-4E94-B0BB-C06517CE36EB}.Release|Any CPU.ActiveCfg = Release|Win32
		{1DBC05AC-88CA-4E94-B0BB-C06517CE36EB}.Release|x64.ActiveCfg = Release|x64
		{1DBC05AC-88CA-4E94-B0BB-C06517CE36EB}.Release|x64.Build.0 = Release|x64
		{1DBC05AC-88CA-4E94-B0BB-C06517CE36EB}.Release|x86.ActiveCfg = Release|Win32
		{1DBC05AC-88CA-4E94-B0BB-C06517CE36EB}.Release|x86.Build.0 = Release|Win32
		{2E0848D2-8CAD-4B5E-9AB8-3C4B59DE8726}.Debug|Any CPU.ActiveCfg = Debug|Win32
		{2E0848D2-8CAD-4B5E-9AB8-3C4B59DE8726}.Debug|x64.ActiveCfg = Debug|x64
		{2E0848D2-8CAD-4B5E-9AB8-3C4B59DE8726}.Debug|x64.Build.0 = Debug|x64
		{2E0848D2-8CAD-4B5E-9AB8-3C4B59DE8726}.Debug|x86.ActiveCfg = Debug|Win32
		{2E0848D2-8CAD-4B5E-9AB8-3C4B59DE8726}.Debug|x86.Build.0 = Debug|Win32
		{2E0848D2-8CAD-4B5E-9AB8-3C4B59DE8726}.Release|Any CPU.ActiveCfg = Release|Win32
		{2E0848D2-8CAD-4B5E-9AB8-3C4B59DE8726}.Release|x64.ActiveCfg = Release|x64
		{2E0848D2-8CAD-4B5E-9AB8-3C4B59DE8726}.Release|x64.Build.0 = Release|x64
		{2E0848D2-8CAD-4B5E-9AB8-3C4B59DE8726}.Release|x86.ActiveCfg = Release|Win32
		{2E0848D2-8CAD-4B5E-9AB8-3C4B59DE8726}.Release|x86.Build.0 = Release|Win32
		{876572BA-95A3-4B53-82C2-105883467CF5}.Debug|Any CPU.ActiveCfg = Debug|Win32
		{876572BA-95A3-4B53-82C2-105883467CF5}.Debug|x64.ActiveCfg = Debug|x64
		{876572BA-95A3-4B53-82C2-105883467CF5}.Debug|x64.Build.0 = Debug|x64
		{876572BA-95A3-4B53-82C2-105883467CF5}.Debug|x86.ActiveCfg = Debug|Win32
		{876572BA-95A3-4B53-82C2-105883467CF5}.Debug|x86.Build.0 = Debug|Win32
		{876572BA-95A3-4B53-82C2-105883467CF5}.Release|Any CPU.ActiveCfg = Release|Win32
		{876572BA-95A3-4B53-82C2-105883467CF5}.Release|x64.ActiveCfg = Release|x64
		{876572BA-95A3-4B53-82C2-105883467CF5}.Release|x64.Build.0 = Release|x64
		{876572BA-95A3-4B53-82C2-105883467CF5}.Release|x86.ActiveCfg = Release|Win32
		{876572BA-95A3-4B53-82C2-105883467CF5}.Release|x86.Build.0 = Release|Win32
		{997DB75C-AADB-49FA-B462-49302015B8C9}.Debug|Any CPU.ActiveCfg = Debug|Win32
		{997DB75C-AADB-49FA-B462-49302015B8C9}.Debug|x64.ActiveCfg = Debug|x64
		{997DB75C-AADB-49FA-B462-49302015B8C9}.Debug|x64.Build.0 = Debug|x64
		{997DB75C-AADB-49FA-B462-49302015B8C9}.Debug|x86.ActiveCfg = Debug|Win32
		{997DB75C-AADB-49FA-B462-49302015B8C9}.Debug|x86.Build.0 = Debug|Win32
		{997DB75C-AADB-49FA-B462-49302015B8C9}.Release|Any CPU.ActiveCfg = Release|Win32
		{997DB75C-AADB-49FA-B462-49302015B8C9}.Release|x64.ActiveCfg = Release|x64
		{997DB75C-AADB-49FA-B462-49302015B8C9}.Release|x64.Build.0 = Release|x64
		{997DB75C-AADB-49FA-B462-49302015B8C9}.Release|x86.ActiveCfg = Release|Win32
		{997DB75C-AADB-49FA-B462-49302015B8C9}.Release|x86.Build.0 = Release|Win32
		{A3F12BB8-421A-48F3-9F07-527E9A4ADFFB}.Debug|Any CPU.ActiveCfg = Debug|Win32
		{A3F12BB8-421A-48F3-9F07-527E9A4ADFFB}.Debug|x64.ActiveCfg = Debug|x64
		{A3F12BB8-421A-48F3-9F07-527E9A4ADFFB}.Debug|x64.Build.0 = Debug|x64
		{A3F12BB8-421A-48F3-9F07-527E9A4ADFFB}.Debug|x86.ActiveCfg = Debug|Win32
		{A3F12BB8-421A-48F3-9F07-527E9A4ADFFB}.Debug|x86.Build.0 = Debug|Win32
		{A3F12BB8-421A-48F3-9F07-527E9A4ADFFB}.Release|Any CPU.ActiveCfg = Release|Win32
		{A3F12BB8-421A-48F3-9F07-527E9A4ADFFB}.Release|x64.ActiveCfg = Release|x64
		{A3F12BB8-421A-48F3-9F07-527E9A4ADFFB}.Release|x64.Build.0 = Release|x64
		{A3F12BB8-421A-48F3-9F07-527E9A4ADFFB}.Release|x86.ActiveCfg = Release|Win32
		{A3F12BB8-421A-48F3-9F07-527E9A4ADFFB}.Release|x86.Build.0 = Release|Win32
		{5A327561-173F-4E85-AEA5-08F961B4183F}.Debug|Any CPU.ActiveCfg = Debug|Win32
		{5A327561-173F-4E85-AEA5-08F961B4183F}.Debug|x64.ActiveCfg = Debug|x64
		{5A327561-173F-4E85-AEA5-08F961B4183F}.Debug|x64.Build.0 = Debug|x64
		{5A327561-173F-4E85-AEA5-08F961B4183F}.Debug|x86.ActiveCfg = Debug|Win32
		{5A327561-173F-4E85-AEA5-08F961B4183F}.Debug|x86.Build.0 = Debug|Win32
		{5A327561-173F-4E85-AEA5-08F961B4183F}.Release|Any CPU.ActiveCfg = Release|Win32
		{5A327561-173F-4E85-AEA5-08F961B4183F}.Release|x64.ActiveCfg = Release|x64
		{5A327561-173F-4E85-AEA5-08F961B4183F}.Release|x64.Build.0 = Release|x64
		{5A327561-173F-4E85-AEA5-08F961B4183F}.Release|x86.ActiveCfg = Release|Win32
		{5A327561-173F-4E85-AEA5-08F961B4183F}.Release|x86.Build.0 = Release|Win32
	EndGlobalSection
	GlobalSection(SolutionProperties) = preSolution
		HideSolutionNode = FALSE
	EndGlobalSection
	GlobalSection(NestedProjects) = preSolution
		{106A95C4-907D-447E-95FD-6560A5D67E2E} = {2A0FDA23-20AF-44D6-82AB-75D447D2DC24}
		{8B7DFEE9-3239-4A45-A944-F28B56CA87EA} = {2A0FDA23-20AF-44D6-82AB-75D447D2DC24}
		{6B9F2F7B-7CED-4664-A0B9-EEF7273FF66C} = {2A0FDA23-20AF-44D6-82AB-75D447D2DC24}
		{DFDD1850-48D5-482C-BE9C-6B7E06749C36} = {2A0FDA23-20AF-44D6-82AB-75D447D2DC24}
		{C8426B7A-7FE3-46CE-95D1-60E3F9782982} = {2A0FDA23-20AF-44D6-82AB-75D447D2DC24}
		{7D7B7ACF-6BB9-4CB9-93CD-249D19BC4DF1} = {2A0FDA23-20AF-44D6-82AB-75D447D2DC24}
		{92C006FE-A9CC-4874-A30F-59252E37897F} = {2A0FDA23-20AF-44D6-82AB-75D447D2DC24}
		{8E304276-9B4B-4D50-8919-4B20C30BD964} = {2A0FDA23-20AF-44D6-82AB-75D447D2DC24}
		{69CDBD2F-8EE3-4C81-B36C-478263B7A4F8} = {2A0FDA23-20AF-44D6-82AB-75D447D2DC24}
		{5C06B385-CFF3-49EF-9A24-EBD50DD3DE99} = {2A0FDA23-20AF-44D6-82AB-75D447D2DC24}
		{AC093FC0-2924-4DAA-AEC4-3B5C79FF57BF} = {1BC49776-C408-40B8-9858-B824F273264C}
		{E86C72ED-B398-47CA-B020-87A738448E79} = {165D2873-E08F-40BE-B2D5-747E973625AA}
		{28A29F9B-AF3B-4755-BBDE-125FE207CF00} = {1BC49776-C408-40B8-9858-B824F273264C}
		{BD7CF533-E657-435C-927E-B21FC77BCEF9} = {CDAC5982-14AB-431F-B8E3-B92D223B3310}
		{208E484A-2B8F-48CE-8E01-0E9D4EA48EED} = {CDAC5982-14AB-431F-B8E3-B92D223B3310}
		{3CBD44B2-7E7E-44AA-9685-8AC86F5E718B} = {CDAC5982-14AB-431F-B8E3-B92D223B3310}
		{40DFC940-31CA-4D8F-A831-A43D22058314} = {CDAC5982-14AB-431F-B8E3-B92D223B3310}
		{5E334F89-562D-4231-8DA9-1955E05C7730} = {CDAC5982-14AB-431F-B8E3-B92D223B3310}
		{6AA7931C-D787-4DDE-840A-C36BEE1704F7} = {CDAC5982-14AB-431F-B8E3-B92D223B3310}
		{B8BADEC9-2CD1-4596-B545-B29947845641} = {63948F8E-DD81-4B48-8AC7-C2434828A924}
		{CD96A581-EEA1-4654-A947-29BBF835B539} = {63948F8E-DD81-4B48-8AC7-C2434828A924}
		{08D94858-AE72-4A57-BDD6-8EA21850AC54} = {63948F8E-DD81-4B48-8AC7-C2434828A924}
		{AD19EEE6-C820-4390-9D82-CBAF1904B40D} = {63948F8E-DD81-4B48-8AC7-C2434828A924}
		{63948F8E-DD81-4B48-8AC7-C2434828A924} = {1BC49776-C408-40B8-9858-B824F273264C}
		{38C425DE-10D9-4EC5-A4F8-DE9C16292903} = {16F2DE70-BBD8-4293-B2E3-B20B85D1273B}
		{D5129A97-4666-444C-A561-0315EED2116D} = {16F2DE70-BBD8-4293-B2E3-B20B85D1273B}
		{97203DFE-F284-460B-9DA0-8B8D4E750D8D} = {16F2DE70-BBD8-4293-B2E3-B20B85D1273B}
		{6743CBCD-5095-4345-A753-8CE9CE7AE733} = {16F2DE70-BBD8-4293-B2E3-B20B85D1273B}
		{F31F92A0-AFDD-4795-85D9-F91CFA2B2CB4} = {B3744A19-DE06-4CD6-A31E-AAFFE651D59E}
		{E9C4EE49-C030-40FF-91DA-D7253B162019} = {B3744A19-DE06-4CD6-A31E-AAFFE651D59E}
		{6184FE9C-FA76-4DBB-9E67-B6573CB16B2A} = {B3744A19-DE06-4CD6-A31E-AAFFE651D59E}
		{514C2207-3497-4CB1-AA40-9E5D5053741D} = {B3744A19-DE06-4CD6-A31E-AAFFE651D59E}
		{EE2FAC29-0F3E-4271-893B-0B53023165DB} = {B3744A19-DE06-4CD6-A31E-AAFFE651D59E}
		{3E7207DB-9EE1-4EFF-AC10-E205E58C247D} = {B3744A19-DE06-4CD6-A31E-AAFFE651D59E}
		{E29D8C6F-9269-4934-B4CD-B634FBCE4068} = {B3744A19-DE06-4CD6-A31E-AAFFE651D59E}
		{426A9464-CB87-4C32-992D-755BB5825CF5} = {B3744A19-DE06-4CD6-A31E-AAFFE651D59E}
		{00915905-9095-4334-A8E6-3BB8A552C8A2} = {B3744A19-DE06-4CD6-A31E-AAFFE651D59E}
		{05E57D35-F9C5-47A2-99D6-9F8E0A3D2E45} = {B3744A19-DE06-4CD6-A31E-AAFFE651D59E}
		{3E71FCA7-4B86-46B0-917C-D9EDFD3F7FD7} = {B3744A19-DE06-4CD6-A31E-AAFFE651D59E}
		{45F6B7DD-E48C-4B3B-8089-A1FEDA7160D0} = {B3744A19-DE06-4CD6-A31E-AAFFE651D59E}
		{88687F9A-2385-4C0B-966A-918DC6A2EFD1} = {B3744A19-DE06-4CD6-A31E-AAFFE651D59E}
		{D49D5519-DF99-4D1E-AD6C-DD78473573BA} = {B3744A19-DE06-4CD6-A31E-AAFFE651D59E}
		{6D4A303C-29CB-4727-9A4C-E193455117AC} = {B3744A19-DE06-4CD6-A31E-AAFFE651D59E}
		{888ACD60-EE96-4BAC-B8BB-A2E163EE6AA0} = {B3744A19-DE06-4CD6-A31E-AAFFE651D59E}
		{38CBCCFE-6FD7-48D9-B29E-372D27F54D56} = {B3744A19-DE06-4CD6-A31E-AAFFE651D59E}
		{E19F4C20-8AC4-422C-A0D3-C1635CA37178} = {B3744A19-DE06-4CD6-A31E-AAFFE651D59E}
		{1DBC05AC-88CA-4E94-B0BB-C06517CE36EB} = {B3744A19-DE06-4CD6-A31E-AAFFE651D59E}
		{2E0848D2-8CAD-4B5E-9AB8-3C4B59DE8726} = {B3744A19-DE06-4CD6-A31E-AAFFE651D59E}
		{876572BA-95A3-4B53-82C2-105883467CF5} = {B3744A19-DE06-4CD6-A31E-AAFFE651D59E}
		{997DB75C-AADB-49FA-B462-49302015B8C9} = {B3744A19-DE06-4CD6-A31E-AAFFE651D59E}
		{A3F12BB8-421A-48F3-9F07-527E9A4ADFFB} = {B3744A19-DE06-4CD6-A31E-AAFFE651D59E}
		{5A327561-173F-4E85-AEA5-08F961B4183F} = {B3744A19-DE06-4CD6-A31E-AAFFE651D59E}
		{B3744A19-DE06-4CD6-A31E-AAFFE651D59E} = {1BC49776-C408-40B8-9858-B824F273264C}
	EndGlobalSection
	GlobalSection(ExtensibilityGlobals) = postSolution
		SolutionGuid = {5C1F0991-67EC-4A4F-91A9-2BF2996E67EC}
	EndGlobalSection
EndGlobal
